// !$*UTF8*$!
{
	archiveVersion = 1;
	classes = {
	};
	objectVersion = 46;
	objects = {

/* Begin PBXBuildFile section */
		E50520481B4D0BE500CCEEA0 /* SliderView.swift in Sources */ = {isa = PBXBuildFile; fileRef = E50520471B4D0BE500CCEEA0 /* SliderView.swift */; };
		E509F2E81B0B60A7009B0DDC /* GraphView.swift in Sources */ = {isa = PBXBuildFile; fileRef = E509F2E71B0B60A7009B0DDC /* GraphView.swift */; };
		E512CF3E1B26F15A00926C72 /* MusicPlayerDelegate.swift in Sources */ = {isa = PBXBuildFile; fileRef = E512CF3D1B26F15A00926C72 /* MusicPlayerDelegate.swift */; };
		E512CF411B27513200926C72 /* APIReferrer.swift in Sources */ = {isa = PBXBuildFile; fileRef = E512CF401B27513200926C72 /* APIReferrer.swift */; };
		E512CF431B278B6C00926C72 /* UIImage+Download.swift in Sources */ = {isa = PBXBuildFile; fileRef = E512CF421B278B6C00926C72 /* UIImage+Download.swift */; };
		E512CF451B27914200926C72 /* UIImageView+Download.swift in Sources */ = {isa = PBXBuildFile; fileRef = E512CF441B27914200926C72 /* UIImageView+Download.swift */; };
		E512CF471B27D6D400926C72 /* ExtendedPlayerViewController.swift in Sources */ = {isa = PBXBuildFile; fileRef = E512CF461B27D6D400926C72 /* ExtendedPlayerViewController.swift */; };
		E5217F651B0BC16300C8B8D9 /* Podfile in Resources */ = {isa = PBXBuildFile; fileRef = E5217F641B0BC16300C8B8D9 /* Podfile */; };
		E53C0A8C1B13C82600B37F21 /* EditProfileViewController.swift in Sources */ = {isa = PBXBuildFile; fileRef = E53C0A8B1B13C82600B37F21 /* EditProfileViewController.swift */; };
		E53C0A8E1B14169500B37F21 /* FormView.swift in Sources */ = {isa = PBXBuildFile; fileRef = E53C0A8D1B14169500B37F21 /* FormView.swift */; };
		E53C0A901B1430F900B37F21 /* Color.swift in Sources */ = {isa = PBXBuildFile; fileRef = E53C0A8F1B1430F900B37F21 /* Color.swift */; };
		E53C0A921B14811E00B37F21 /* Playlist.swift in Sources */ = {isa = PBXBuildFile; fileRef = E53C0A911B14811E00B37F21 /* Playlist.swift */; };
		E53C0A941B14A6E300B37F21 /* PlaylistCell.swift in Sources */ = {isa = PBXBuildFile; fileRef = E53C0A931B14A6E300B37F21 /* PlaylistCell.swift */; };
		E53C0A961B14C97F00B37F21 /* PlaylistDetailViewController.swift in Sources */ = {isa = PBXBuildFile; fileRef = E53C0A951B14C97F00B37F21 /* PlaylistDetailViewController.swift */; };
		E53CF0E41B1D02D5001DA15E /* SearchController.swift in Sources */ = {isa = PBXBuildFile; fileRef = E53CF0E31B1D02D5001DA15E /* SearchController.swift */; };
		E53CF0E61B1D0633001DA15E /* SearchCell.swift in Sources */ = {isa = PBXBuildFile; fileRef = E53CF0E51B1D0633001DA15E /* SearchCell.swift */; };
		E53CF0E81B1D19E0001DA15E /* dummy_data_22 in Resources */ = {isa = PBXBuildFile; fileRef = E53CF0E71B1D19E0001DA15E /* dummy_data_22 */; };
		E5531B931B448FF600EE4251 /* ImageDimension.swift in Sources */ = {isa = PBXBuildFile; fileRef = E5531B921B448FF600EE4251 /* ImageDimension.swift */; };
		E55405391B2C469400016C02 /* MuzookaAlertView.swift in Sources */ = {isa = PBXBuildFile; fileRef = E55405381B2C469400016C02 /* MuzookaAlertView.swift */; };
		E554053B1B2C5FA600016C02 /* UIView+Geometry.swift in Sources */ = {isa = PBXBuildFile; fileRef = E554053A1B2C5FA600016C02 /* UIView+Geometry.swift */; };
		E554053D1B2C651000016C02 /* DiscoverActionView.swift in Sources */ = {isa = PBXBuildFile; fileRef = E554053C1B2C651000016C02 /* DiscoverActionView.swift */; };
		E554053F1B2D5B8200016C02 /* ChartType.swift in Sources */ = {isa = PBXBuildFile; fileRef = E554053E1B2D5B8200016C02 /* ChartType.swift */; };
		E55A1D441B32752200863594 /* MuzookaCellDelegate.swift in Sources */ = {isa = PBXBuildFile; fileRef = E55A1D431B32752200863594 /* MuzookaCellDelegate.swift */; };
		E55A1D481B327BA000863594 /* ShareProvider.swift in Sources */ = {isa = PBXBuildFile; fileRef = E55A1D461B327BA000863594 /* ShareProvider.swift */; };
		E55A1D4A1B327EEB00863594 /* Shareable.swift in Sources */ = {isa = PBXBuildFile; fileRef = E55A1D491B327EEB00863594 /* Shareable.swift */; };
		E55C0E2C1B1E454200F7C6D9 /* SearchDetails.swift in Sources */ = {isa = PBXBuildFile; fileRef = E55C0E2B1B1E454200F7C6D9 /* SearchDetails.swift */; };
		E565CC801B0613B3006A1D20 /* SongInfoViewController.swift in Sources */ = {isa = PBXBuildFile; fileRef = E565CC7F1B0613B3006A1D20 /* SongInfoViewController.swift */; };
		E565CC821B0627FF006A1D20 /* NavScreen.swift in Sources */ = {isa = PBXBuildFile; fileRef = E565CC811B0627FF006A1D20 /* NavScreen.swift */; };
		E565CC841B062A16006A1D20 /* NavButtonType.swift in Sources */ = {isa = PBXBuildFile; fileRef = E565CC831B062A16006A1D20 /* NavButtonType.swift */; };
		E565CC861B062E87006A1D20 /* NavButton.swift in Sources */ = {isa = PBXBuildFile; fileRef = E565CC851B062E87006A1D20 /* NavButton.swift */; };
		E565CC881B065D1A006A1D20 /* MusicPlayer.swift in Sources */ = {isa = PBXBuildFile; fileRef = E565CC871B065D1A006A1D20 /* MusicPlayer.swift */; };
		E588CDE11B33A0D300F2DBA8 /* APIRequestParameter.swift in Sources */ = {isa = PBXBuildFile; fileRef = E588CDE01B33A0D300F2DBA8 /* APIRequestParameter.swift */; };
		E5935B111AF81D1E003FD37B /* AppDelegate.swift in Sources */ = {isa = PBXBuildFile; fileRef = E5935B101AF81D1E003FD37B /* AppDelegate.swift */; };
		E5935B131AF81D1E003FD37B /* ChartViewController.swift in Sources */ = {isa = PBXBuildFile; fileRef = E5935B121AF81D1E003FD37B /* ChartViewController.swift */; };
		E5935B161AF81D1E003FD37B /* Main.storyboard in Resources */ = {isa = PBXBuildFile; fileRef = E5935B141AF81D1E003FD37B /* Main.storyboard */; };
		E5935B181AF81D1E003FD37B /* Images.xcassets in Resources */ = {isa = PBXBuildFile; fileRef = E5935B171AF81D1E003FD37B /* Images.xcassets */; };
		E5935B1B1AF81D1E003FD37B /* LaunchScreen.xib in Resources */ = {isa = PBXBuildFile; fileRef = E5935B191AF81D1E003FD37B /* LaunchScreen.xib */; };
		E5935B271AF81D1E003FD37B /* MuzookaTests.swift in Sources */ = {isa = PBXBuildFile; fileRef = E5935B261AF81D1E003FD37B /* MuzookaTests.swift */; };
		E5935B321AF81FC8003FD37B /* MuzookaNavController.swift in Sources */ = {isa = PBXBuildFile; fileRef = E5935B311AF81FC8003FD37B /* MuzookaNavController.swift */; };
		E5935B351AF8207B003FD37B /* NavBarView.swift in Sources */ = {isa = PBXBuildFile; fileRef = E5935B341AF8207B003FD37B /* NavBarView.swift */; };
		E5935B371AF82729003FD37B /* SegmentView.swift in Sources */ = {isa = PBXBuildFile; fileRef = E5935B361AF82729003FD37B /* SegmentView.swift */; };
		E5935B3A1AF82EE3003FD37B /* Utils.swift in Sources */ = {isa = PBXBuildFile; fileRef = E5935B391AF82EE3003FD37B /* Utils.swift */; };
		E5935B3C1AF82F06003FD37B /* IndicatorView.swift in Sources */ = {isa = PBXBuildFile; fileRef = E5935B3B1AF82F06003FD37B /* IndicatorView.swift */; };
		E5935B3E1AF83009003FD37B /* Constants.swift in Sources */ = {isa = PBXBuildFile; fileRef = E5935B3D1AF83009003FD37B /* Constants.swift */; };
		E5935B411AF83788003FD37B /* SongCell.swift in Sources */ = {isa = PBXBuildFile; fileRef = E5935B401AF83788003FD37B /* SongCell.swift */; };
		E59FB0241B0337C200ED41C4 /* FirstTimeViewController.swift in Sources */ = {isa = PBXBuildFile; fileRef = E59FB0231B0337C200ED41C4 /* FirstTimeViewController.swift */; };
		E59FB0261B03443800ED41C4 /* TutorialSteps.swift in Sources */ = {isa = PBXBuildFile; fileRef = E59FB0251B03443800ED41C4 /* TutorialSteps.swift */; };
		E59FB0281B03448500ED41C4 /* FirstStepView.swift in Sources */ = {isa = PBXBuildFile; fileRef = E59FB0271B03448500ED41C4 /* FirstStepView.swift */; };
		E59FB02C1B03F51D00ED41C4 /* AvatarDelegate.swift in Sources */ = {isa = PBXBuildFile; fileRef = E59FB02B1B03F51D00ED41C4 /* AvatarDelegate.swift */; };
		E59FB02E1B042B8B00ED41C4 /* ArtistViewController.swift in Sources */ = {isa = PBXBuildFile; fileRef = E59FB02D1B042B8B00ED41C4 /* ArtistViewController.swift */; };
		E59FB0301B0435A900ED41C4 /* BandMember.swift in Sources */ = {isa = PBXBuildFile; fileRef = E59FB02F1B0435A900ED41C4 /* BandMember.swift */; };
		E59FB0321B04996D00ED41C4 /* LoadingAnimationView.swift in Sources */ = {isa = PBXBuildFile; fileRef = E59FB0311B04996C00ED41C4 /* LoadingAnimationView.swift */; };
		E5A0DE941AF8852300DD5039 /* APIManager.swift in Sources */ = {isa = PBXBuildFile; fileRef = E5A0DE931AF8852300DD5039 /* APIManager.swift */; };
		E5A0DE971AF896DC00DD5039 /* APIDelegate.swift in Sources */ = {isa = PBXBuildFile; fileRef = E5A0DE961AF896DC00DD5039 /* APIDelegate.swift */; };
		E5A0DE9A1AF8997800DD5039 /* APIRequest.swift in Sources */ = {isa = PBXBuildFile; fileRef = E5A0DE991AF8997800DD5039 /* APIRequest.swift */; };
		E5A0DE9C1AF8A2ED00DD5039 /* Song.swift in Sources */ = {isa = PBXBuildFile; fileRef = E5A0DE9B1AF8A2ED00DD5039 /* Song.swift */; };
		E5A0DE9E1AF8B18200DD5039 /* Band.swift in Sources */ = {isa = PBXBuildFile; fileRef = E5A0DE9D1AF8B18200DD5039 /* Band.swift */; };
		E5A0DEA11AF8B49500DD5039 /* SegmentViewDelegate.swift in Sources */ = {isa = PBXBuildFile; fileRef = E5A0DEA01AF8B49500DD5039 /* SegmentViewDelegate.swift */; };
		E5A0DEA41AF8CC1F00DD5039 /* Menu.swift in Sources */ = {isa = PBXBuildFile; fileRef = E5A0DEA31AF8CC1F00DD5039 /* Menu.swift */; };
		E5A0DEA61AF8D12500DD5039 /* MenuCell.swift in Sources */ = {isa = PBXBuildFile; fileRef = E5A0DEA51AF8D12500DD5039 /* MenuCell.swift */; };
		E5A0DEAB1AF8DA5000DD5039 /* ProximaNova-Regular.otf in Resources */ = {isa = PBXBuildFile; fileRef = E5A0DEA81AF8DA5000DD5039 /* ProximaNova-Regular.otf */; };
		E5A0DEAC1AF8DA5000DD5039 /* ProximaNova-Semibold.otf in Resources */ = {isa = PBXBuildFile; fileRef = E5A0DEA91AF8DA5000DD5039 /* ProximaNova-Semibold.otf */; };
		E5A0DEAD1AF8DA5000DD5039 /* ProximaNova-Thin.otf in Resources */ = {isa = PBXBuildFile; fileRef = E5A0DEAA1AF8DA5000DD5039 /* ProximaNova-Thin.otf */; };
		E5A0DEAF1AF8DDF500DD5039 /* BorderedButton.swift in Sources */ = {isa = PBXBuildFile; fileRef = E5A0DEAE1AF8DDF500DD5039 /* BorderedButton.swift */; };
		E5A0DEB11AF8EE0C00DD5039 /* PartnerViewController.swift in Sources */ = {isa = PBXBuildFile; fileRef = E5A0DEB01AF8EE0C00DD5039 /* PartnerViewController.swift */; };
		E5A0DEB31AF8EE5400DD5039 /* MuzookaViewController.swift in Sources */ = {isa = PBXBuildFile; fileRef = E5A0DEB21AF8EE5400DD5039 /* MuzookaViewController.swift */; };
		E5A0DEB51AF8F0B200DD5039 /* Partner.swift in Sources */ = {isa = PBXBuildFile; fileRef = E5A0DEB41AF8F0B200DD5039 /* Partner.swift */; };
		E5A0DEB71AF8F81D00DD5039 /* PartnerCell.swift in Sources */ = {isa = PBXBuildFile; fileRef = E5A0DEB61AF8F81D00DD5039 /* PartnerCell.swift */; };
		E5A0DEB91AF8FE7B00DD5039 /* IndustryViewController.swift in Sources */ = {isa = PBXBuildFile; fileRef = E5A0DEB81AF8FE7B00DD5039 /* IndustryViewController.swift */; };
		E5A0DEBB1AF8FEFA00DD5039 /* Producer.swift in Sources */ = {isa = PBXBuildFile; fileRef = E5A0DEBA1AF8FEFA00DD5039 /* Producer.swift */; };
		E5A0DEBD1AF903A100DD5039 /* ProducerCell.swift in Sources */ = {isa = PBXBuildFile; fileRef = E5A0DEBC1AF903A100DD5039 /* ProducerCell.swift */; };
		E5A0DEBF1AF9122400DD5039 /* SearchViewController.swift in Sources */ = {isa = PBXBuildFile; fileRef = E5A0DEBE1AF9122400DD5039 /* SearchViewController.swift */; };
		E5A0DEC11AF9191C00DD5039 /* PlaylistViewController.swift in Sources */ = {isa = PBXBuildFile; fileRef = E5A0DEC01AF9191C00DD5039 /* PlaylistViewController.swift */; };
		E5A0DEC31AF91A8700DD5039 /* SettingsViewController.swift in Sources */ = {isa = PBXBuildFile; fileRef = E5A0DEC21AF91A8700DD5039 /* SettingsViewController.swift */; };
		E5A0DEC51AF92A9300DD5039 /* Settings.swift in Sources */ = {isa = PBXBuildFile; fileRef = E5A0DEC41AF92A9300DD5039 /* Settings.swift */; };
		E5A0DEC71AF92BCB00DD5039 /* SettingsCell.swift in Sources */ = {isa = PBXBuildFile; fileRef = E5A0DEC61AF92BCB00DD5039 /* SettingsCell.swift */; };
		E5A0DEC91AF97D9800DD5039 /* LoginViewController.swift in Sources */ = {isa = PBXBuildFile; fileRef = E5A0DEC81AF97D9800DD5039 /* LoginViewController.swift */; };
		E5A781CC1AFC45B500736018 /* LoginView.swift in Sources */ = {isa = PBXBuildFile; fileRef = E5A781CB1AFC45B500736018 /* LoginView.swift */; };
		E5ABC0D21B158BA0005BDFD1 /* dummy_data_11 in Resources */ = {isa = PBXBuildFile; fileRef = E5ABC0D11B158BA0005BDFD1 /* dummy_data_11 */; };
		E5ABC0D41B1590C6005BDFD1 /* PlaylistTableCell.swift in Sources */ = {isa = PBXBuildFile; fileRef = E5ABC0D31B1590C6005BDFD1 /* PlaylistTableCell.swift */; };
		E5ABC0D61B15A060005BDFD1 /* OrderedDictionary.swift in Sources */ = {isa = PBXBuildFile; fileRef = E5ABC0D51B15A060005BDFD1 /* OrderedDictionary.swift */; };
		E5AED6741B29479B0070FC6D /* dummy_data_23 in Resources */ = {isa = PBXBuildFile; fileRef = E5AED6731B29479B0070FC6D /* dummy_data_23 */; };
		E5B508051B5499490099FB01 /* AlbumScrollView.swift in Sources */ = {isa = PBXBuildFile; fileRef = E5B508041B5499490099FB01 /* AlbumScrollView.swift */; };
		E5B6F8831B17D286008B884A /* BannerView.swift in Sources */ = {isa = PBXBuildFile; fileRef = E5B6F8821B17D286008B884A /* BannerView.swift */; };
		E5B6F8851B17D456008B884A /* LoginButtonType.swift in Sources */ = {isa = PBXBuildFile; fileRef = E5B6F8841B17D456008B884A /* LoginButtonType.swift */; };
		E5B6F8871B17D468008B884A /* LoginButton.swift in Sources */ = {isa = PBXBuildFile; fileRef = E5B6F8861B17D468008B884A /* LoginButton.swift */; };
		E5B6F8891B18110F008B884A /* AlbumArtView.swift in Sources */ = {isa = PBXBuildFile; fileRef = E5B6F8881B18110F008B884A /* AlbumArtView.swift */; };
		E5B6F88B1B183E96008B884A /* GradientView.swift in Sources */ = {isa = PBXBuildFile; fileRef = E5B6F88A1B183E96008B884A /* GradientView.swift */; };
		E5B6F88D1B18682D008B884A /* dummy_data_12 in Resources */ = {isa = PBXBuildFile; fileRef = E5B6F88C1B18682D008B884A /* dummy_data_12 */; };
		E5B97CD11AF9FEEE00955514 /* User.swift in Sources */ = {isa = PBXBuildFile; fileRef = E5B97CD01AF9FEEE00955514 /* User.swift */; };
		E5B97CD31AFA000300955514 /* ScoreDetails.swift in Sources */ = {isa = PBXBuildFile; fileRef = E5B97CD21AFA000300955514 /* ScoreDetails.swift */; };
		E5B97CD51AFA0A4400955514 /* AvatarView.swift in Sources */ = {isa = PBXBuildFile; fileRef = E5B97CD41AFA0A4400955514 /* AvatarView.swift */; };
		E5B97CD71AFA104900955514 /* ProfileViewController.swift in Sources */ = {isa = PBXBuildFile; fileRef = E5B97CD61AFA104900955514 /* ProfileViewController.swift */; };
		E5B97CD91AFA16F700955514 /* ScoreView.swift in Sources */ = {isa = PBXBuildFile; fileRef = E5B97CD81AFA16F700955514 /* ScoreView.swift */; };
		E5B97CDB1AFA5EAF00955514 /* LeftNavView.swift in Sources */ = {isa = PBXBuildFile; fileRef = E5B97CDA1AFA5EAF00955514 /* LeftNavView.swift */; };
		E5B97CDD1AFA985800955514 /* RequestOperation.swift in Sources */ = {isa = PBXBuildFile; fileRef = E5B97CDC1AFA985800955514 /* RequestOperation.swift */; };
		E5B97CDF1AFA994800955514 /* RequestDelegate.swift in Sources */ = {isa = PBXBuildFile; fileRef = E5B97CDE1AFA994800955514 /* RequestDelegate.swift */; };
		E5B97CE11AFAA3D600955514 /* RequestQueueManager.swift in Sources */ = {isa = PBXBuildFile; fileRef = E5B97CE01AFAA3D600955514 /* RequestQueueManager.swift */; };
		E5B97CE31AFAA8F500955514 /* QueueMode.swift in Sources */ = {isa = PBXBuildFile; fileRef = E5B97CE21AFAA8F500955514 /* QueueMode.swift */; };
		E5B97CE51AFB0EA100955514 /* LoginScreen.swift in Sources */ = {isa = PBXBuildFile; fileRef = E5B97CE41AFB0EA100955514 /* LoginScreen.swift */; };
		E5C545C21B05A35F00FFF3CA /* UIView+Positioning.swift in Sources */ = {isa = PBXBuildFile; fileRef = E5C545C11B05A35F00FFF3CA /* UIView+Positioning.swift */; };
		E5C545C41B05DCAA00FFF3CA /* MenuAction.swift in Sources */ = {isa = PBXBuildFile; fileRef = E5C545C31B05DCAA00FFF3CA /* MenuAction.swift */; };
		E5D221C51AFC70F8006FE143 /* NavContentView.swift in Sources */ = {isa = PBXBuildFile; fileRef = E5D221C41AFC70F8006FE143 /* NavContentView.swift */; };
		E5D41F821B20E5CD001B6D3E /* MusicPlayerView.swift in Sources */ = {isa = PBXBuildFile; fileRef = E5D41F811B20E5CD001B6D3E /* MusicPlayerView.swift */; };
		E5D8E3C41B19075C00B2A392 /* dummy_data_14 in Resources */ = {isa = PBXBuildFile; fileRef = E5D8E3C31B19075C00B2A392 /* dummy_data_14 */; };
		E5DCDED11B45A59D0017BA24 /* FilterViewController.swift in Sources */ = {isa = PBXBuildFile; fileRef = E5DCDED01B45A59D0017BA24 /* FilterViewController.swift */; };
		E5DCDED31B45AA490017BA24 /* TagCollectionCell.swift in Sources */ = {isa = PBXBuildFile; fileRef = E5DCDED21B45AA490017BA24 /* TagCollectionCell.swift */; };
		E5DCDED51B45C3BF0017BA24 /* dummy_data_34 in Resources */ = {isa = PBXBuildFile; fileRef = E5DCDED41B45C3BF0017BA24 /* dummy_data_34 */; };
		E5DCDED71B45C4310017BA24 /* TagInfo.swift in Sources */ = {isa = PBXBuildFile; fileRef = E5DCDED61B45C4310017BA24 /* TagInfo.swift */; };
		E5DCDED91B45C5210017BA24 /* TagCollections.swift in Sources */ = {isa = PBXBuildFile; fileRef = E5DCDED81B45C5210017BA24 /* TagCollections.swift */; };
		E5DCDEDB1B45DCB20017BA24 /* dummy_data_35 in Resources */ = {isa = PBXBuildFile; fileRef = E5DCDEDA1B45DCB20017BA24 /* dummy_data_35 */; };
		E5DCDEDD1B45E4010017BA24 /* TagView.swift in Sources */ = {isa = PBXBuildFile; fileRef = E5DCDEDC1B45E4010017BA24 /* TagView.swift */; };
		E5DCDEDF1B4659F20017BA24 /* RoundTextField.swift in Sources */ = {isa = PBXBuildFile; fileRef = E5DCDEDE1B4659F20017BA24 /* RoundTextField.swift */; };
		E5DCDEE11B465BEA0017BA24 /* SearchView.swift in Sources */ = {isa = PBXBuildFile; fileRef = E5DCDEE01B465BEA0017BA24 /* SearchView.swift */; };
		E5DCDEE31B46C9090017BA24 /* StackedGridLayout.swift in Sources */ = {isa = PBXBuildFile; fileRef = E5DCDEE21B46C9090017BA24 /* StackedGridLayout.swift */; };
		E5DCDEE51B46D0AB0017BA24 /* StackedGridLayoutSection.swift in Sources */ = {isa = PBXBuildFile; fileRef = E5DCDEE41B46D0AB0017BA24 /* StackedGridLayoutSection.swift */; };
		E5DE502A1B0E4AF600A93785 /* NavHeaderView.swift in Sources */ = {isa = PBXBuildFile; fileRef = E5DE50291B0E4AF600A93785 /* NavHeaderView.swift */; };
		E5ED68751B150AFA00595CF0 /* dummy_data_19 in Resources */ = {isa = PBXBuildFile; fileRef = E5ED68741B150AFA00595CF0 /* dummy_data_19 */; };
		E5ED68771B1512F800595CF0 /* dummy_data_10 in Resources */ = {isa = PBXBuildFile; fileRef = E5ED68761B1512F800595CF0 /* dummy_data_10 */; };
		E5ED68791B15139F00595CF0 /* dummy_data_15 in Resources */ = {isa = PBXBuildFile; fileRef = E5ED68781B15139F00595CF0 /* dummy_data_15 */; };
		E5ED687B1B15148000595CF0 /* dummy_data_0 in Resources */ = {isa = PBXBuildFile; fileRef = E5ED687A1B15148000595CF0 /* dummy_data_0 */; };
		E5F362301B2C0FDF00B65C08 /* DiscoverViewController.swift in Sources */ = {isa = PBXBuildFile; fileRef = E5F3622F1B2C0FDF00B65C08 /* DiscoverViewController.swift */; };
		E5F362321B2C1E6100B65C08 /* DiscoverButton.swift in Sources */ = {isa = PBXBuildFile; fileRef = E5F362311B2C1E6100B65C08 /* DiscoverButton.swift */; };
		E5F362341B2C444700B65C08 /* DraggableImageView.swift in Sources */ = {isa = PBXBuildFile; fileRef = E5F362331B2C444700B65C08 /* DraggableImageView.swift */; };
		E5FA93CB1B1D1FC100E48979 /* MediaType.swift in Sources */ = {isa = PBXBuildFile; fileRef = E5FA93CA1B1D1FC100E48979 /* MediaType.swift */; };
		E5FA93CD1B1D207400E48979 /* SearchItem.swift in Sources */ = {isa = PBXBuildFile; fileRef = E5FA93CC1B1D207400E48979 /* SearchItem.swift */; };
		EB2D77D32E06848FAE98220B /* libPods.a in Frameworks */ = {isa = PBXBuildFile; fileRef = 5781D546C7FF099F625A8A09 /* libPods.a */; };
/* End PBXBuildFile section */

/* Begin PBXContainerItemProxy section */
		E5935B211AF81D1E003FD37B /* PBXContainerItemProxy */ = {
			isa = PBXContainerItemProxy;
			containerPortal = E5935B031AF81D1D003FD37B /* Project object */;
			proxyType = 1;
			remoteGlobalIDString = E5935B0A1AF81D1E003FD37B;
			remoteInfo = Muzooka;
		};
/* End PBXContainerItemProxy section */

/* Begin PBXFileReference section */
		147F3AF9C0508A67D7490870 /* Pods.release.xcconfig */ = {isa = PBXFileReference; includeInIndex = 1; lastKnownFileType = text.xcconfig; name = Pods.release.xcconfig; path = "Pods/Target Support Files/Pods/Pods.release.xcconfig"; sourceTree = "<group>"; };
		5781D546C7FF099F625A8A09 /* libPods.a */ = {isa = PBXFileReference; explicitFileType = archive.ar; includeInIndex = 0; path = libPods.a; sourceTree = BUILT_PRODUCTS_DIR; };
		E50520471B4D0BE500CCEEA0 /* SliderView.swift */ = {isa = PBXFileReference; fileEncoding = 4; lastKnownFileType = sourcecode.swift; path = SliderView.swift; sourceTree = "<group>"; };
		E509F2E71B0B60A7009B0DDC /* GraphView.swift */ = {isa = PBXFileReference; fileEncoding = 4; lastKnownFileType = sourcecode.swift; path = GraphView.swift; sourceTree = "<group>"; };
		E512CF3D1B26F15A00926C72 /* MusicPlayerDelegate.swift */ = {isa = PBXFileReference; fileEncoding = 4; lastKnownFileType = sourcecode.swift; path = MusicPlayerDelegate.swift; sourceTree = "<group>"; };
		E512CF401B27513200926C72 /* APIReferrer.swift */ = {isa = PBXFileReference; fileEncoding = 4; lastKnownFileType = sourcecode.swift; path = APIReferrer.swift; sourceTree = "<group>"; };
		E512CF421B278B6C00926C72 /* UIImage+Download.swift */ = {isa = PBXFileReference; fileEncoding = 4; lastKnownFileType = sourcecode.swift; path = "UIImage+Download.swift"; sourceTree = "<group>"; };
		E512CF441B27914200926C72 /* UIImageView+Download.swift */ = {isa = PBXFileReference; fileEncoding = 4; lastKnownFileType = sourcecode.swift; path = "UIImageView+Download.swift"; sourceTree = "<group>"; };
		E512CF461B27D6D400926C72 /* ExtendedPlayerViewController.swift */ = {isa = PBXFileReference; fileEncoding = 4; lastKnownFileType = sourcecode.swift; lineEnding = 0; path = ExtendedPlayerViewController.swift; sourceTree = "<group>"; xcLanguageSpecificationIdentifier = xcode.lang.swift; };
		E5217F641B0BC16300C8B8D9 /* Podfile */ = {isa = PBXFileReference; fileEncoding = 4; lastKnownFileType = text; path = Podfile; sourceTree = SOURCE_ROOT; xcLanguageSpecificationIdentifier = xcode.lang.ruby; };
		E5217F661B0BCD2400C8B8D9 /* Muzooka-ObjCBridging.h */ = {isa = PBXFileReference; lastKnownFileType = sourcecode.c.h; path = "Muzooka-ObjCBridging.h"; sourceTree = "<group>"; };
		E53C0A8B1B13C82600B37F21 /* EditProfileViewController.swift */ = {isa = PBXFileReference; fileEncoding = 4; lastKnownFileType = sourcecode.swift; path = EditProfileViewController.swift; sourceTree = "<group>"; };
		E53C0A8D1B14169500B37F21 /* FormView.swift */ = {isa = PBXFileReference; fileEncoding = 4; lastKnownFileType = sourcecode.swift; path = FormView.swift; sourceTree = "<group>"; };
		E53C0A8F1B1430F900B37F21 /* Color.swift */ = {isa = PBXFileReference; fileEncoding = 4; lastKnownFileType = sourcecode.swift; path = Color.swift; sourceTree = "<group>"; };
		E53C0A911B14811E00B37F21 /* Playlist.swift */ = {isa = PBXFileReference; fileEncoding = 4; lastKnownFileType = sourcecode.swift; lineEnding = 0; path = Playlist.swift; sourceTree = "<group>"; xcLanguageSpecificationIdentifier = xcode.lang.swift; };
		E53C0A931B14A6E300B37F21 /* PlaylistCell.swift */ = {isa = PBXFileReference; fileEncoding = 4; lastKnownFileType = sourcecode.swift; path = PlaylistCell.swift; sourceTree = "<group>"; };
		E53C0A951B14C97F00B37F21 /* PlaylistDetailViewController.swift */ = {isa = PBXFileReference; fileEncoding = 4; lastKnownFileType = sourcecode.swift; lineEnding = 0; path = PlaylistDetailViewController.swift; sourceTree = "<group>"; xcLanguageSpecificationIdentifier = xcode.lang.swift; };
		E53CF0E31B1D02D5001DA15E /* SearchController.swift */ = {isa = PBXFileReference; fileEncoding = 4; lastKnownFileType = sourcecode.swift; path = SearchController.swift; sourceTree = "<group>"; };
		E53CF0E51B1D0633001DA15E /* SearchCell.swift */ = {isa = PBXFileReference; fileEncoding = 4; lastKnownFileType = sourcecode.swift; path = SearchCell.swift; sourceTree = "<group>"; };
		E53CF0E71B1D19E0001DA15E /* dummy_data_22 */ = {isa = PBXFileReference; fileEncoding = 4; lastKnownFileType = text; path = dummy_data_22; sourceTree = "<group>"; };
		E5531B921B448FF600EE4251 /* ImageDimension.swift */ = {isa = PBXFileReference; fileEncoding = 4; lastKnownFileType = sourcecode.swift; path = ImageDimension.swift; sourceTree = "<group>"; };
		E55405381B2C469400016C02 /* MuzookaAlertView.swift */ = {isa = PBXFileReference; fileEncoding = 4; lastKnownFileType = sourcecode.swift; path = MuzookaAlertView.swift; sourceTree = "<group>"; };
		E554053A1B2C5FA600016C02 /* UIView+Geometry.swift */ = {isa = PBXFileReference; fileEncoding = 4; lastKnownFileType = sourcecode.swift; path = "UIView+Geometry.swift"; sourceTree = "<group>"; };
		E554053C1B2C651000016C02 /* DiscoverActionView.swift */ = {isa = PBXFileReference; fileEncoding = 4; lastKnownFileType = sourcecode.swift; path = DiscoverActionView.swift; sourceTree = "<group>"; };
		E554053E1B2D5B8200016C02 /* ChartType.swift */ = {isa = PBXFileReference; fileEncoding = 4; lastKnownFileType = sourcecode.swift; path = ChartType.swift; sourceTree = "<group>"; };
		E55A1D431B32752200863594 /* MuzookaCellDelegate.swift */ = {isa = PBXFileReference; fileEncoding = 4; lastKnownFileType = sourcecode.swift; path = MuzookaCellDelegate.swift; sourceTree = "<group>"; };
		E55A1D461B327BA000863594 /* ShareProvider.swift */ = {isa = PBXFileReference; fileEncoding = 4; lastKnownFileType = sourcecode.swift; path = ShareProvider.swift; sourceTree = "<group>"; };
		E55A1D491B327EEB00863594 /* Shareable.swift */ = {isa = PBXFileReference; fileEncoding = 4; lastKnownFileType = sourcecode.swift; path = Shareable.swift; sourceTree = "<group>"; };
		E55C0E2B1B1E454200F7C6D9 /* SearchDetails.swift */ = {isa = PBXFileReference; fileEncoding = 4; lastKnownFileType = sourcecode.swift; path = SearchDetails.swift; sourceTree = "<group>"; };
		E565CC7F1B0613B3006A1D20 /* SongInfoViewController.swift */ = {isa = PBXFileReference; fileEncoding = 4; lastKnownFileType = sourcecode.swift; lineEnding = 0; path = SongInfoViewController.swift; sourceTree = "<group>"; xcLanguageSpecificationIdentifier = xcode.lang.swift; };
		E565CC811B0627FF006A1D20 /* NavScreen.swift */ = {isa = PBXFileReference; fileEncoding = 4; lastKnownFileType = sourcecode.swift; path = NavScreen.swift; sourceTree = "<group>"; };
		E565CC831B062A16006A1D20 /* NavButtonType.swift */ = {isa = PBXFileReference; fileEncoding = 4; lastKnownFileType = sourcecode.swift; path = NavButtonType.swift; sourceTree = "<group>"; };
		E565CC851B062E87006A1D20 /* NavButton.swift */ = {isa = PBXFileReference; fileEncoding = 4; lastKnownFileType = sourcecode.swift; path = NavButton.swift; sourceTree = "<group>"; };
		E565CC871B065D1A006A1D20 /* MusicPlayer.swift */ = {isa = PBXFileReference; fileEncoding = 4; lastKnownFileType = sourcecode.swift; path = MusicPlayer.swift; sourceTree = "<group>"; };
		E588CDE01B33A0D300F2DBA8 /* APIRequestParameter.swift */ = {isa = PBXFileReference; fileEncoding = 4; lastKnownFileType = sourcecode.swift; path = APIRequestParameter.swift; sourceTree = "<group>"; };
		E5935B0B1AF81D1E003FD37B /* Muzooka.app */ = {isa = PBXFileReference; explicitFileType = wrapper.application; includeInIndex = 0; path = Muzooka.app; sourceTree = BUILT_PRODUCTS_DIR; };
		E5935B0F1AF81D1E003FD37B /* Info.plist */ = {isa = PBXFileReference; lastKnownFileType = text.plist.xml; path = Info.plist; sourceTree = "<group>"; };
		E5935B101AF81D1E003FD37B /* AppDelegate.swift */ = {isa = PBXFileReference; lastKnownFileType = sourcecode.swift; path = AppDelegate.swift; sourceTree = "<group>"; };
		E5935B121AF81D1E003FD37B /* ChartViewController.swift */ = {isa = PBXFileReference; lastKnownFileType = sourcecode.swift; lineEnding = 0; path = ChartViewController.swift; sourceTree = "<group>"; xcLanguageSpecificationIdentifier = xcode.lang.swift; };
		E5935B151AF81D1E003FD37B /* Base */ = {isa = PBXFileReference; lastKnownFileType = file.storyboard; name = Base; path = Base.lproj/Main.storyboard; sourceTree = "<group>"; };
		E5935B171AF81D1E003FD37B /* Images.xcassets */ = {isa = PBXFileReference; lastKnownFileType = folder.assetcatalog; path = Images.xcassets; sourceTree = "<group>"; };
		E5935B1A1AF81D1E003FD37B /* Base */ = {isa = PBXFileReference; lastKnownFileType = file.xib; name = Base; path = Base.lproj/LaunchScreen.xib; sourceTree = "<group>"; };
		E5935B201AF81D1E003FD37B /* MuzookaTests.xctest */ = {isa = PBXFileReference; explicitFileType = wrapper.cfbundle; includeInIndex = 0; path = MuzookaTests.xctest; sourceTree = BUILT_PRODUCTS_DIR; };
		E5935B251AF81D1E003FD37B /* Info.plist */ = {isa = PBXFileReference; lastKnownFileType = text.plist.xml; path = Info.plist; sourceTree = "<group>"; };
		E5935B261AF81D1E003FD37B /* MuzookaTests.swift */ = {isa = PBXFileReference; lastKnownFileType = sourcecode.swift; path = MuzookaTests.swift; sourceTree = "<group>"; };
		E5935B311AF81FC8003FD37B /* MuzookaNavController.swift */ = {isa = PBXFileReference; fileEncoding = 4; lastKnownFileType = sourcecode.swift; lineEnding = 0; path = MuzookaNavController.swift; sourceTree = "<group>"; xcLanguageSpecificationIdentifier = xcode.lang.swift; };
		E5935B341AF8207B003FD37B /* NavBarView.swift */ = {isa = PBXFileReference; fileEncoding = 4; lastKnownFileType = sourcecode.swift; path = NavBarView.swift; sourceTree = "<group>"; };
		E5935B361AF82729003FD37B /* SegmentView.swift */ = {isa = PBXFileReference; fileEncoding = 4; lastKnownFileType = sourcecode.swift; lineEnding = 0; path = SegmentView.swift; sourceTree = "<group>"; xcLanguageSpecificationIdentifier = xcode.lang.swift; };
		E5935B391AF82EE3003FD37B /* Utils.swift */ = {isa = PBXFileReference; fileEncoding = 4; lastKnownFileType = sourcecode.swift; path = Utils.swift; sourceTree = "<group>"; };
		E5935B3B1AF82F06003FD37B /* IndicatorView.swift */ = {isa = PBXFileReference; fileEncoding = 4; lastKnownFileType = sourcecode.swift; path = IndicatorView.swift; sourceTree = "<group>"; };
		E5935B3D1AF83009003FD37B /* Constants.swift */ = {isa = PBXFileReference; fileEncoding = 4; lastKnownFileType = sourcecode.swift; path = Constants.swift; sourceTree = "<group>"; };
		E5935B401AF83788003FD37B /* SongCell.swift */ = {isa = PBXFileReference; fileEncoding = 4; lastKnownFileType = sourcecode.swift; path = SongCell.swift; sourceTree = "<group>"; };
		E59FB0231B0337C200ED41C4 /* FirstTimeViewController.swift */ = {isa = PBXFileReference; fileEncoding = 4; lastKnownFileType = sourcecode.swift; path = FirstTimeViewController.swift; sourceTree = "<group>"; };
		E59FB0251B03443800ED41C4 /* TutorialSteps.swift */ = {isa = PBXFileReference; fileEncoding = 4; lastKnownFileType = sourcecode.swift; path = TutorialSteps.swift; sourceTree = "<group>"; };
		E59FB0271B03448500ED41C4 /* FirstStepView.swift */ = {isa = PBXFileReference; fileEncoding = 4; lastKnownFileType = sourcecode.swift; lineEnding = 0; path = FirstStepView.swift; sourceTree = "<group>"; xcLanguageSpecificationIdentifier = xcode.lang.swift; };
		E59FB02B1B03F51D00ED41C4 /* AvatarDelegate.swift */ = {isa = PBXFileReference; fileEncoding = 4; lastKnownFileType = sourcecode.swift; path = AvatarDelegate.swift; sourceTree = "<group>"; };
		E59FB02D1B042B8B00ED41C4 /* ArtistViewController.swift */ = {isa = PBXFileReference; fileEncoding = 4; lastKnownFileType = sourcecode.swift; lineEnding = 0; path = ArtistViewController.swift; sourceTree = "<group>"; xcLanguageSpecificationIdentifier = xcode.lang.swift; };
		E59FB02F1B0435A900ED41C4 /* BandMember.swift */ = {isa = PBXFileReference; fileEncoding = 4; lastKnownFileType = sourcecode.swift; lineEnding = 0; path = BandMember.swift; sourceTree = "<group>"; xcLanguageSpecificationIdentifier = xcode.lang.swift; };
		E59FB0311B04996C00ED41C4 /* LoadingAnimationView.swift */ = {isa = PBXFileReference; fileEncoding = 4; lastKnownFileType = sourcecode.swift; path = LoadingAnimationView.swift; sourceTree = "<group>"; };
		E5A0DE931AF8852300DD5039 /* APIManager.swift */ = {isa = PBXFileReference; fileEncoding = 4; lastKnownFileType = sourcecode.swift; lineEnding = 0; path = APIManager.swift; sourceTree = "<group>"; xcLanguageSpecificationIdentifier = xcode.lang.swift; };
		E5A0DE961AF896DC00DD5039 /* APIDelegate.swift */ = {isa = PBXFileReference; fileEncoding = 4; lastKnownFileType = sourcecode.swift; path = APIDelegate.swift; sourceTree = "<group>"; };
		E5A0DE991AF8997800DD5039 /* APIRequest.swift */ = {isa = PBXFileReference; fileEncoding = 4; lastKnownFileType = sourcecode.swift; path = APIRequest.swift; sourceTree = "<group>"; };
		E5A0DE9B1AF8A2ED00DD5039 /* Song.swift */ = {isa = PBXFileReference; fileEncoding = 4; lastKnownFileType = sourcecode.swift; lineEnding = 0; path = Song.swift; sourceTree = "<group>"; xcLanguageSpecificationIdentifier = xcode.lang.swift; };
		E5A0DE9D1AF8B18200DD5039 /* Band.swift */ = {isa = PBXFileReference; fileEncoding = 4; lastKnownFileType = sourcecode.swift; lineEnding = 0; path = Band.swift; sourceTree = "<group>"; xcLanguageSpecificationIdentifier = xcode.lang.swift; };
		E5A0DEA01AF8B49500DD5039 /* SegmentViewDelegate.swift */ = {isa = PBXFileReference; fileEncoding = 4; lastKnownFileType = sourcecode.swift; path = SegmentViewDelegate.swift; sourceTree = "<group>"; };
		E5A0DEA31AF8CC1F00DD5039 /* Menu.swift */ = {isa = PBXFileReference; fileEncoding = 4; lastKnownFileType = sourcecode.swift; path = Menu.swift; sourceTree = "<group>"; };
		E5A0DEA51AF8D12500DD5039 /* MenuCell.swift */ = {isa = PBXFileReference; fileEncoding = 4; lastKnownFileType = sourcecode.swift; path = MenuCell.swift; sourceTree = "<group>"; };
		E5A0DEA81AF8DA5000DD5039 /* ProximaNova-Regular.otf */ = {isa = PBXFileReference; lastKnownFileType = file; path = "ProximaNova-Regular.otf"; sourceTree = "<group>"; };
		E5A0DEA91AF8DA5000DD5039 /* ProximaNova-Semibold.otf */ = {isa = PBXFileReference; lastKnownFileType = file; path = "ProximaNova-Semibold.otf"; sourceTree = "<group>"; };
		E5A0DEAA1AF8DA5000DD5039 /* ProximaNova-Thin.otf */ = {isa = PBXFileReference; lastKnownFileType = file; path = "ProximaNova-Thin.otf"; sourceTree = "<group>"; };
		E5A0DEAE1AF8DDF500DD5039 /* BorderedButton.swift */ = {isa = PBXFileReference; fileEncoding = 4; lastKnownFileType = sourcecode.swift; lineEnding = 0; path = BorderedButton.swift; sourceTree = "<group>"; xcLanguageSpecificationIdentifier = xcode.lang.swift; };
		E5A0DEB01AF8EE0C00DD5039 /* PartnerViewController.swift */ = {isa = PBXFileReference; fileEncoding = 4; lastKnownFileType = sourcecode.swift; lineEnding = 0; path = PartnerViewController.swift; sourceTree = "<group>"; xcLanguageSpecificationIdentifier = xcode.lang.swift; };
		E5A0DEB21AF8EE5400DD5039 /* MuzookaViewController.swift */ = {isa = PBXFileReference; fileEncoding = 4; lastKnownFileType = sourcecode.swift; path = MuzookaViewController.swift; sourceTree = "<group>"; };
		E5A0DEB41AF8F0B200DD5039 /* Partner.swift */ = {isa = PBXFileReference; fileEncoding = 4; lastKnownFileType = sourcecode.swift; lineEnding = 0; path = Partner.swift; sourceTree = "<group>"; xcLanguageSpecificationIdentifier = xcode.lang.swift; };
		E5A0DEB61AF8F81D00DD5039 /* PartnerCell.swift */ = {isa = PBXFileReference; fileEncoding = 4; lastKnownFileType = sourcecode.swift; path = PartnerCell.swift; sourceTree = "<group>"; };
		E5A0DEB81AF8FE7B00DD5039 /* IndustryViewController.swift */ = {isa = PBXFileReference; fileEncoding = 4; lastKnownFileType = sourcecode.swift; lineEnding = 0; path = IndustryViewController.swift; sourceTree = "<group>"; xcLanguageSpecificationIdentifier = xcode.lang.swift; };
		E5A0DEBA1AF8FEFA00DD5039 /* Producer.swift */ = {isa = PBXFileReference; fileEncoding = 4; lastKnownFileType = sourcecode.swift; lineEnding = 0; path = Producer.swift; sourceTree = "<group>"; xcLanguageSpecificationIdentifier = xcode.lang.swift; };
		E5A0DEBC1AF903A100DD5039 /* ProducerCell.swift */ = {isa = PBXFileReference; fileEncoding = 4; lastKnownFileType = sourcecode.swift; path = ProducerCell.swift; sourceTree = "<group>"; };
		E5A0DEBE1AF9122400DD5039 /* SearchViewController.swift */ = {isa = PBXFileReference; fileEncoding = 4; lastKnownFileType = sourcecode.swift; lineEnding = 0; path = SearchViewController.swift; sourceTree = "<group>"; xcLanguageSpecificationIdentifier = xcode.lang.swift; };
		E5A0DEC01AF9191C00DD5039 /* PlaylistViewController.swift */ = {isa = PBXFileReference; fileEncoding = 4; lastKnownFileType = sourcecode.swift; lineEnding = 0; path = PlaylistViewController.swift; sourceTree = "<group>"; xcLanguageSpecificationIdentifier = xcode.lang.swift; };
		E5A0DEC21AF91A8700DD5039 /* SettingsViewController.swift */ = {isa = PBXFileReference; fileEncoding = 4; lastKnownFileType = sourcecode.swift; path = SettingsViewController.swift; sourceTree = "<group>"; };
		E5A0DEC41AF92A9300DD5039 /* Settings.swift */ = {isa = PBXFileReference; fileEncoding = 4; lastKnownFileType = sourcecode.swift; path = Settings.swift; sourceTree = "<group>"; };
		E5A0DEC61AF92BCB00DD5039 /* SettingsCell.swift */ = {isa = PBXFileReference; fileEncoding = 4; lastKnownFileType = sourcecode.swift; path = SettingsCell.swift; sourceTree = "<group>"; };
		E5A0DEC81AF97D9800DD5039 /* LoginViewController.swift */ = {isa = PBXFileReference; fileEncoding = 4; lastKnownFileType = sourcecode.swift; lineEnding = 0; path = LoginViewController.swift; sourceTree = "<group>"; xcLanguageSpecificationIdentifier = xcode.lang.swift; };
		E5A781CB1AFC45B500736018 /* LoginView.swift */ = {isa = PBXFileReference; fileEncoding = 4; lastKnownFileType = sourcecode.swift; path = LoginView.swift; sourceTree = "<group>"; };
		E5ABC0D11B158BA0005BDFD1 /* dummy_data_11 */ = {isa = PBXFileReference; fileEncoding = 4; lastKnownFileType = text; path = dummy_data_11; sourceTree = "<group>"; };
		E5ABC0D31B1590C6005BDFD1 /* PlaylistTableCell.swift */ = {isa = PBXFileReference; fileEncoding = 4; lastKnownFileType = sourcecode.swift; path = PlaylistTableCell.swift; sourceTree = "<group>"; };
		E5ABC0D51B15A060005BDFD1 /* OrderedDictionary.swift */ = {isa = PBXFileReference; fileEncoding = 4; lastKnownFileType = sourcecode.swift; path = OrderedDictionary.swift; sourceTree = "<group>"; };
		E5AED6731B29479B0070FC6D /* dummy_data_23 */ = {isa = PBXFileReference; fileEncoding = 4; lastKnownFileType = text; path = dummy_data_23; sourceTree = "<group>"; };
		E5B508041B5499490099FB01 /* AlbumScrollView.swift */ = {isa = PBXFileReference; fileEncoding = 4; lastKnownFileType = sourcecode.swift; path = AlbumScrollView.swift; sourceTree = "<group>"; };
		E5B6F8821B17D286008B884A /* BannerView.swift */ = {isa = PBXFileReference; fileEncoding = 4; lastKnownFileType = sourcecode.swift; path = BannerView.swift; sourceTree = "<group>"; };
		E5B6F8841B17D456008B884A /* LoginButtonType.swift */ = {isa = PBXFileReference; fileEncoding = 4; lastKnownFileType = sourcecode.swift; path = LoginButtonType.swift; sourceTree = "<group>"; };
		E5B6F8861B17D468008B884A /* LoginButton.swift */ = {isa = PBXFileReference; fileEncoding = 4; lastKnownFileType = sourcecode.swift; path = LoginButton.swift; sourceTree = "<group>"; };
		E5B6F8881B18110F008B884A /* AlbumArtView.swift */ = {isa = PBXFileReference; fileEncoding = 4; lastKnownFileType = sourcecode.swift; path = AlbumArtView.swift; sourceTree = "<group>"; };
		E5B6F88A1B183E96008B884A /* GradientView.swift */ = {isa = PBXFileReference; fileEncoding = 4; lastKnownFileType = sourcecode.swift; path = GradientView.swift; sourceTree = "<group>"; };
		E5B6F88C1B18682D008B884A /* dummy_data_12 */ = {isa = PBXFileReference; fileEncoding = 4; lastKnownFileType = text; path = dummy_data_12; sourceTree = "<group>"; };
		E5B97CD01AF9FEEE00955514 /* User.swift */ = {isa = PBXFileReference; fileEncoding = 4; lastKnownFileType = sourcecode.swift; lineEnding = 0; path = User.swift; sourceTree = "<group>"; xcLanguageSpecificationIdentifier = xcode.lang.swift; };
		E5B97CD21AFA000300955514 /* ScoreDetails.swift */ = {isa = PBXFileReference; fileEncoding = 4; lastKnownFileType = sourcecode.swift; lineEnding = 0; path = ScoreDetails.swift; sourceTree = "<group>"; xcLanguageSpecificationIdentifier = xcode.lang.swift; };
		E5B97CD41AFA0A4400955514 /* AvatarView.swift */ = {isa = PBXFileReference; fileEncoding = 4; lastKnownFileType = sourcecode.swift; path = AvatarView.swift; sourceTree = "<group>"; };
		E5B97CD61AFA104900955514 /* ProfileViewController.swift */ = {isa = PBXFileReference; fileEncoding = 4; lastKnownFileType = sourcecode.swift; lineEnding = 0; path = ProfileViewController.swift; sourceTree = "<group>"; xcLanguageSpecificationIdentifier = xcode.lang.swift; };
		E5B97CD81AFA16F700955514 /* ScoreView.swift */ = {isa = PBXFileReference; fileEncoding = 4; lastKnownFileType = sourcecode.swift; path = ScoreView.swift; sourceTree = "<group>"; };
		E5B97CDA1AFA5EAF00955514 /* LeftNavView.swift */ = {isa = PBXFileReference; fileEncoding = 4; lastKnownFileType = sourcecode.swift; path = LeftNavView.swift; sourceTree = "<group>"; };
		E5B97CDC1AFA985800955514 /* RequestOperation.swift */ = {isa = PBXFileReference; fileEncoding = 4; lastKnownFileType = sourcecode.swift; path = RequestOperation.swift; sourceTree = "<group>"; };
		E5B97CDE1AFA994800955514 /* RequestDelegate.swift */ = {isa = PBXFileReference; fileEncoding = 4; lastKnownFileType = sourcecode.swift; path = RequestDelegate.swift; sourceTree = "<group>"; };
		E5B97CE01AFAA3D600955514 /* RequestQueueManager.swift */ = {isa = PBXFileReference; fileEncoding = 4; lastKnownFileType = sourcecode.swift; path = RequestQueueManager.swift; sourceTree = "<group>"; };
		E5B97CE21AFAA8F500955514 /* QueueMode.swift */ = {isa = PBXFileReference; fileEncoding = 4; lastKnownFileType = sourcecode.swift; path = QueueMode.swift; sourceTree = "<group>"; };
		E5B97CE41AFB0EA100955514 /* LoginScreen.swift */ = {isa = PBXFileReference; fileEncoding = 4; lastKnownFileType = sourcecode.swift; path = LoginScreen.swift; sourceTree = "<group>"; };
		E5C545C11B05A35F00FFF3CA /* UIView+Positioning.swift */ = {isa = PBXFileReference; fileEncoding = 4; lastKnownFileType = sourcecode.swift; path = "UIView+Positioning.swift"; sourceTree = "<group>"; };
		E5C545C31B05DCAA00FFF3CA /* MenuAction.swift */ = {isa = PBXFileReference; fileEncoding = 4; lastKnownFileType = sourcecode.swift; path = MenuAction.swift; sourceTree = "<group>"; };
		E5D221C41AFC70F8006FE143 /* NavContentView.swift */ = {isa = PBXFileReference; fileEncoding = 4; lastKnownFileType = sourcecode.swift; path = NavContentView.swift; sourceTree = "<group>"; };
		E5D41F811B20E5CD001B6D3E /* MusicPlayerView.swift */ = {isa = PBXFileReference; fileEncoding = 4; lastKnownFileType = sourcecode.swift; path = MusicPlayerView.swift; sourceTree = "<group>"; };
		E5D8E3C31B19075C00B2A392 /* dummy_data_14 */ = {isa = PBXFileReference; fileEncoding = 4; lastKnownFileType = text; path = dummy_data_14; sourceTree = "<group>"; };
		E5DCDED01B45A59D0017BA24 /* FilterViewController.swift */ = {isa = PBXFileReference; fileEncoding = 4; lastKnownFileType = sourcecode.swift; path = FilterViewController.swift; sourceTree = "<group>"; };
		E5DCDED21B45AA490017BA24 /* TagCollectionCell.swift */ = {isa = PBXFileReference; fileEncoding = 4; lastKnownFileType = sourcecode.swift; path = TagCollectionCell.swift; sourceTree = "<group>"; };
		E5DCDED41B45C3BF0017BA24 /* dummy_data_34 */ = {isa = PBXFileReference; fileEncoding = 4; lastKnownFileType = text; path = dummy_data_34; sourceTree = "<group>"; };
		E5DCDED61B45C4310017BA24 /* TagInfo.swift */ = {isa = PBXFileReference; fileEncoding = 4; lastKnownFileType = sourcecode.swift; path = TagInfo.swift; sourceTree = "<group>"; };
		E5DCDED81B45C5210017BA24 /* TagCollections.swift */ = {isa = PBXFileReference; fileEncoding = 4; lastKnownFileType = sourcecode.swift; path = TagCollections.swift; sourceTree = "<group>"; };
		E5DCDEDA1B45DCB20017BA24 /* dummy_data_35 */ = {isa = PBXFileReference; fileEncoding = 4; lastKnownFileType = text; path = dummy_data_35; sourceTree = "<group>"; };
		E5DCDEDC1B45E4010017BA24 /* TagView.swift */ = {isa = PBXFileReference; fileEncoding = 4; lastKnownFileType = sourcecode.swift; path = TagView.swift; sourceTree = "<group>"; };
		E5DCDEDE1B4659F20017BA24 /* RoundTextField.swift */ = {isa = PBXFileReference; fileEncoding = 4; lastKnownFileType = sourcecode.swift; path = RoundTextField.swift; sourceTree = "<group>"; };
		E5DCDEE01B465BEA0017BA24 /* SearchView.swift */ = {isa = PBXFileReference; fileEncoding = 4; lastKnownFileType = sourcecode.swift; path = SearchView.swift; sourceTree = "<group>"; };
		E5DCDEE21B46C9090017BA24 /* StackedGridLayout.swift */ = {isa = PBXFileReference; fileEncoding = 4; lastKnownFileType = sourcecode.swift; path = StackedGridLayout.swift; sourceTree = "<group>"; };
		E5DCDEE41B46D0AB0017BA24 /* StackedGridLayoutSection.swift */ = {isa = PBXFileReference; fileEncoding = 4; lastKnownFileType = sourcecode.swift; path = StackedGridLayoutSection.swift; sourceTree = "<group>"; };
		E5DE50291B0E4AF600A93785 /* NavHeaderView.swift */ = {isa = PBXFileReference; fileEncoding = 4; lastKnownFileType = sourcecode.swift; path = NavHeaderView.swift; sourceTree = "<group>"; };
		E5ED68741B150AFA00595CF0 /* dummy_data_19 */ = {isa = PBXFileReference; fileEncoding = 4; lastKnownFileType = text; path = dummy_data_19; sourceTree = "<group>"; };
		E5ED68761B1512F800595CF0 /* dummy_data_10 */ = {isa = PBXFileReference; fileEncoding = 4; lastKnownFileType = text; path = dummy_data_10; sourceTree = "<group>"; };
		E5ED68781B15139F00595CF0 /* dummy_data_15 */ = {isa = PBXFileReference; fileEncoding = 4; lastKnownFileType = text; path = dummy_data_15; sourceTree = "<group>"; };
		E5ED687A1B15148000595CF0 /* dummy_data_0 */ = {isa = PBXFileReference; fileEncoding = 4; lastKnownFileType = text; path = dummy_data_0; sourceTree = "<group>"; };
		E5F3622F1B2C0FDF00B65C08 /* DiscoverViewController.swift */ = {isa = PBXFileReference; fileEncoding = 4; lastKnownFileType = sourcecode.swift; lineEnding = 0; path = DiscoverViewController.swift; sourceTree = "<group>"; xcLanguageSpecificationIdentifier = xcode.lang.swift; };
		E5F362311B2C1E6100B65C08 /* DiscoverButton.swift */ = {isa = PBXFileReference; fileEncoding = 4; lastKnownFileType = sourcecode.swift; path = DiscoverButton.swift; sourceTree = "<group>"; };
		E5F362331B2C444700B65C08 /* DraggableImageView.swift */ = {isa = PBXFileReference; fileEncoding = 4; lastKnownFileType = sourcecode.swift; path = DraggableImageView.swift; sourceTree = "<group>"; };
		E5FA93CA1B1D1FC100E48979 /* MediaType.swift */ = {isa = PBXFileReference; fileEncoding = 4; lastKnownFileType = sourcecode.swift; path = MediaType.swift; sourceTree = "<group>"; };
		E5FA93CC1B1D207400E48979 /* SearchItem.swift */ = {isa = PBXFileReference; fileEncoding = 4; lastKnownFileType = sourcecode.swift; path = SearchItem.swift; sourceTree = "<group>"; };
		F5249748F6F311D5C2C286D7 /* Pods.debug.xcconfig */ = {isa = PBXFileReference; includeInIndex = 1; lastKnownFileType = text.xcconfig; name = Pods.debug.xcconfig; path = "Pods/Target Support Files/Pods/Pods.debug.xcconfig"; sourceTree = "<group>"; };
/* End PBXFileReference section */

/* Begin PBXFrameworksBuildPhase section */
		E5935B081AF81D1E003FD37B /* Frameworks */ = {
			isa = PBXFrameworksBuildPhase;
			buildActionMask = 2147483647;
			files = (
				EB2D77D32E06848FAE98220B /* libPods.a in Frameworks */,
			);
			runOnlyForDeploymentPostprocessing = 0;
		};
		E5935B1D1AF81D1E003FD37B /* Frameworks */ = {
			isa = PBXFrameworksBuildPhase;
			buildActionMask = 2147483647;
			files = (
			);
			runOnlyForDeploymentPostprocessing = 0;
		};
/* End PBXFrameworksBuildPhase section */

/* Begin PBXGroup section */
		5D178818D80E04A905C9A5C1 /* Pods */ = {
			isa = PBXGroup;
			children = (
				F5249748F6F311D5C2C286D7 /* Pods.debug.xcconfig */,
				147F3AF9C0508A67D7490870 /* Pods.release.xcconfig */,
			);
			name = Pods;
			sourceTree = "<group>";
		};
		6B45A3DDEFCB4F6CD328F149 /* Frameworks */ = {
			isa = PBXGroup;
			children = (
				5781D546C7FF099F625A8A09 /* libPods.a */,
			);
			name = Frameworks;
			sourceTree = "<group>";
		};
		E512CF3F1B26F16E00926C72 /* singletons */ = {
			isa = PBXGroup;
			children = (
				E53CF0E31B1D02D5001DA15E /* SearchController.swift */,
				E512CF3D1B26F15A00926C72 /* MusicPlayerDelegate.swift */,
				E565CC871B065D1A006A1D20 /* MusicPlayer.swift */,
			);
			name = singletons;
			sourceTree = "<group>";
		};
		E5935B021AF81D1D003FD37B = {
			isa = PBXGroup;
			children = (
				E5935B0D1AF81D1E003FD37B /* Muzooka */,
				E5935B231AF81D1E003FD37B /* MuzookaTests */,
				E5935B0C1AF81D1E003FD37B /* Products */,
				5D178818D80E04A905C9A5C1 /* Pods */,
				6B45A3DDEFCB4F6CD328F149 /* Frameworks */,
			);
			sourceTree = "<group>";
		};
		E5935B0C1AF81D1E003FD37B /* Products */ = {
			isa = PBXGroup;
			children = (
				E5935B0B1AF81D1E003FD37B /* Muzooka.app */,
				E5935B201AF81D1E003FD37B /* MuzookaTests.xctest */,
			);
			name = Products;
			sourceTree = "<group>";
		};
		E5935B0D1AF81D1E003FD37B /* Muzooka */ = {
			isa = PBXGroup;
			children = (
				E5935B101AF81D1E003FD37B /* AppDelegate.swift */,
				E5935B381AF82ED4003FD37B /* utils */,
				E5935B331AF82069003FD37B /* view */,
				E5935B301AF81DCD003FD37B /* controllers */,
				E5A0DE981AF8996500DD5039 /* model */,
				E512CF3F1B26F16E00926C72 /* singletons */,
				E5A0DE921AF8850E00DD5039 /* api handling */,
				E5935B0E1AF81D1E003FD37B /* Supporting Files */,
			);
			path = Muzooka;
			sourceTree = "<group>";
		};
		E5935B0E1AF81D1E003FD37B /* Supporting Files */ = {
			isa = PBXGroup;
			children = (
				E5A0DEA71AF8DA4000DD5039 /* fonts */,
				E5A0DEA21AF8CBE700DD5039 /* data */,
				E5935B171AF81D1E003FD37B /* Images.xcassets */,
				E5935B191AF81D1E003FD37B /* LaunchScreen.xib */,
				E5935B141AF81D1E003FD37B /* Main.storyboard */,
				E5217F661B0BCD2400C8B8D9 /* Muzooka-ObjCBridging.h */,
				E5217F641B0BC16300C8B8D9 /* Podfile */,
				E5935B0F1AF81D1E003FD37B /* Info.plist */,
			);
			name = "Supporting Files";
			sourceTree = "<group>";
		};
		E5935B231AF81D1E003FD37B /* MuzookaTests */ = {
			isa = PBXGroup;
			children = (
				E5935B261AF81D1E003FD37B /* MuzookaTests.swift */,
				E5935B241AF81D1E003FD37B /* Supporting Files */,
			);
			path = MuzookaTests;
			sourceTree = "<group>";
		};
		E5935B241AF81D1E003FD37B /* Supporting Files */ = {
			isa = PBXGroup;
			children = (
				E5935B251AF81D1E003FD37B /* Info.plist */,
			);
			name = "Supporting Files";
			sourceTree = "<group>";
		};
		E5935B301AF81DCD003FD37B /* controllers */ = {
			isa = PBXGroup;
			children = (
				E59FB02D1B042B8B00ED41C4 /* ArtistViewController.swift */,
				E5935B121AF81D1E003FD37B /* ChartViewController.swift */,
				E5F3622F1B2C0FDF00B65C08 /* DiscoverViewController.swift */,
				E53C0A8B1B13C82600B37F21 /* EditProfileViewController.swift */,
				E512CF461B27D6D400926C72 /* ExtendedPlayerViewController.swift */,
				E5DCDED01B45A59D0017BA24 /* FilterViewController.swift */,
				E59FB0231B0337C200ED41C4 /* FirstTimeViewController.swift */,
				E5A0DEB81AF8FE7B00DD5039 /* IndustryViewController.swift */,
				E5A0DEC81AF97D9800DD5039 /* LoginViewController.swift */,
				E5935B311AF81FC8003FD37B /* MuzookaNavController.swift */,
				E5A0DEB21AF8EE5400DD5039 /* MuzookaViewController.swift */,
				E5A0DEB01AF8EE0C00DD5039 /* PartnerViewController.swift */,
				E53C0A951B14C97F00B37F21 /* PlaylistDetailViewController.swift */,
				E5A0DEC01AF9191C00DD5039 /* PlaylistViewController.swift */,
				E5B97CD61AFA104900955514 /* ProfileViewController.swift */,
				E5A0DEBE1AF9122400DD5039 /* SearchViewController.swift */,
				E5A0DEC21AF91A8700DD5039 /* SettingsViewController.swift */,
				E565CC7F1B0613B3006A1D20 /* SongInfoViewController.swift */,
			);
			name = controllers;
			sourceTree = "<group>";
		};
		E5935B331AF82069003FD37B /* view */ = {
			isa = PBXGroup;
			children = (
				E5C545C01B05A32E00FFF3CA /* extensions */,
				E5A0DE9F1AF8B48300DD5039 /* delegates */,
				E5935B3F1AF83760003FD37B /* cells */,
				E5B6F8881B18110F008B884A /* AlbumArtView.swift */,
				E5B508041B5499490099FB01 /* AlbumScrollView.swift */,
				E5B97CD41AFA0A4400955514 /* AvatarView.swift */,
				E5B6F8821B17D286008B884A /* BannerView.swift */,
				E5A0DEAE1AF8DDF500DD5039 /* BorderedButton.swift */,
				E554053C1B2C651000016C02 /* DiscoverActionView.swift */,
				E5F362311B2C1E6100B65C08 /* DiscoverButton.swift */,
				E5F362331B2C444700B65C08 /* DraggableImageView.swift */,
				E59FB0271B03448500ED41C4 /* FirstStepView.swift */,
				E53C0A8D1B14169500B37F21 /* FormView.swift */,
				E5B6F88A1B183E96008B884A /* GradientView.swift */,
				E509F2E71B0B60A7009B0DDC /* GraphView.swift */,
				E5935B3B1AF82F06003FD37B /* IndicatorView.swift */,
				E5B97CDA1AFA5EAF00955514 /* LeftNavView.swift */,
				E59FB0311B04996C00ED41C4 /* LoadingAnimationView.swift */,
				E5B6F8861B17D468008B884A /* LoginButton.swift */,
				E5A781CB1AFC45B500736018 /* LoginView.swift */,
				E5D41F811B20E5CD001B6D3E /* MusicPlayerView.swift */,
				E55405381B2C469400016C02 /* MuzookaAlertView.swift */,
				E5D221C41AFC70F8006FE143 /* NavContentView.swift */,
				E5935B341AF8207B003FD37B /* NavBarView.swift */,
				E565CC851B062E87006A1D20 /* NavButton.swift */,
				E5DE50291B0E4AF600A93785 /* NavHeaderView.swift */,
				E5DCDEDE1B4659F20017BA24 /* RoundTextField.swift */,
				E5DCDEE01B465BEA0017BA24 /* SearchView.swift */,
				E5935B361AF82729003FD37B /* SegmentView.swift */,
				E5B97CD81AFA16F700955514 /* ScoreView.swift */,
				E50520471B4D0BE500CCEEA0 /* SliderView.swift */,
				E5DCDEDC1B45E4010017BA24 /* TagView.swift */,
			);
			name = view;
			sourceTree = "<group>";
		};
		E5935B381AF82ED4003FD37B /* utils */ = {
			isa = PBXGroup;
			children = (
				E5935B391AF82EE3003FD37B /* Utils.swift */,
				E5935B3D1AF83009003FD37B /* Constants.swift */,
			);
			name = utils;
			sourceTree = "<group>";
		};
		E5935B3F1AF83760003FD37B /* cells */ = {
			isa = PBXGroup;
			children = (
				E5A0DEA51AF8D12500DD5039 /* MenuCell.swift */,
				E5A0DEB61AF8F81D00DD5039 /* PartnerCell.swift */,
				E53C0A931B14A6E300B37F21 /* PlaylistCell.swift */,
				E5ABC0D31B1590C6005BDFD1 /* PlaylistTableCell.swift */,
				E5A0DEBC1AF903A100DD5039 /* ProducerCell.swift */,
				E53CF0E51B1D0633001DA15E /* SearchCell.swift */,
				E5A0DEC61AF92BCB00DD5039 /* SettingsCell.swift */,
				E5935B401AF83788003FD37B /* SongCell.swift */,
				E5DCDED21B45AA490017BA24 /* TagCollectionCell.swift */,
				E55A1D431B32752200863594 /* MuzookaCellDelegate.swift */,
				E5DCDEE21B46C9090017BA24 /* StackedGridLayout.swift */,
				E5DCDEE41B46D0AB0017BA24 /* StackedGridLayoutSection.swift */,
			);
			name = cells;
			sourceTree = "<group>";
		};
		E5A0DE921AF8850E00DD5039 /* api handling */ = {
			isa = PBXGroup;
			children = (
				E5A0DE951AF896C000DD5039 /* delegates */,
				E5A0DE931AF8852300DD5039 /* APIManager.swift */,
				E5B97CDC1AFA985800955514 /* RequestOperation.swift */,
				E5B97CE01AFAA3D600955514 /* RequestQueueManager.swift */,
			);
			name = "api handling";
			sourceTree = "<group>";
		};
		E5A0DE951AF896C000DD5039 /* delegates */ = {
			isa = PBXGroup;
			children = (
				E5A0DE961AF896DC00DD5039 /* APIDelegate.swift */,
				E5B97CDE1AFA994800955514 /* RequestDelegate.swift */,
			);
			name = delegates;
			sourceTree = "<group>";
		};
		E5A0DE981AF8996500DD5039 /* model */ = {
			isa = PBXGroup;
			children = (
				E5A781CA1AFC398D00736018 /* enums */,
				E5A0DE9D1AF8B18200DD5039 /* Band.swift */,
				E59FB02F1B0435A900ED41C4 /* BandMember.swift */,
				E5ABC0D51B15A060005BDFD1 /* OrderedDictionary.swift */,
				E5A0DEB41AF8F0B200DD5039 /* Partner.swift */,
				E53C0A911B14811E00B37F21 /* Playlist.swift */,
				E5A0DEBA1AF8FEFA00DD5039 /* Producer.swift */,
				E55C0E2B1B1E454200F7C6D9 /* SearchDetails.swift */,
				E5FA93CC1B1D207400E48979 /* SearchItem.swift */,
				E55A1D491B327EEB00863594 /* Shareable.swift */,
				E55A1D461B327BA000863594 /* ShareProvider.swift */,
				E5A0DE9B1AF8A2ED00DD5039 /* Song.swift */,
				E5B97CD21AFA000300955514 /* ScoreDetails.swift */,
				E5DCDED81B45C5210017BA24 /* TagCollections.swift */,
				E5DCDED61B45C4310017BA24 /* TagInfo.swift */,
				E5B97CD01AF9FEEE00955514 /* User.swift */,
			);
			name = model;
			sourceTree = "<group>";
		};
		E5A0DE9F1AF8B48300DD5039 /* delegates */ = {
			isa = PBXGroup;
			children = (
				E5A0DEA01AF8B49500DD5039 /* SegmentViewDelegate.swift */,
				E59FB02B1B03F51D00ED41C4 /* AvatarDelegate.swift */,
			);
			name = delegates;
			sourceTree = "<group>";
		};
		E5A0DEA21AF8CBE700DD5039 /* data */ = {
			isa = PBXGroup;
			children = (
				E5ED687A1B15148000595CF0 /* dummy_data_0 */,
				E5ED68761B1512F800595CF0 /* dummy_data_10 */,
				E5ABC0D11B158BA0005BDFD1 /* dummy_data_11 */,
				E5B6F88C1B18682D008B884A /* dummy_data_12 */,
				E5D8E3C31B19075C00B2A392 /* dummy_data_14 */,
				E5ED68781B15139F00595CF0 /* dummy_data_15 */,
				E5ED68741B150AFA00595CF0 /* dummy_data_19 */,
				E53CF0E71B1D19E0001DA15E /* dummy_data_22 */,
				E5AED6731B29479B0070FC6D /* dummy_data_23 */,
				E5DCDED41B45C3BF0017BA24 /* dummy_data_34 */,
				E5DCDEDA1B45DCB20017BA24 /* dummy_data_35 */,
			);
			name = data;
			sourceTree = "<group>";
		};
		E5A0DEA71AF8DA4000DD5039 /* fonts */ = {
			isa = PBXGroup;
			children = (
				E5A0DEA81AF8DA5000DD5039 /* ProximaNova-Regular.otf */,
				E5A0DEA91AF8DA5000DD5039 /* ProximaNova-Semibold.otf */,
				E5A0DEAA1AF8DA5000DD5039 /* ProximaNova-Thin.otf */,
			);
			name = fonts;
			sourceTree = "<group>";
		};
		E5A781CA1AFC398D00736018 /* enums */ = {
			isa = PBXGroup;
			children = (
				E512CF401B27513200926C72 /* APIReferrer.swift */,
				E5A0DE991AF8997800DD5039 /* APIRequest.swift */,
				E588CDE01B33A0D300F2DBA8 /* APIRequestParameter.swift */,
				E554053E1B2D5B8200016C02 /* ChartType.swift */,
				E53C0A8F1B1430F900B37F21 /* Color.swift */,
				E5531B921B448FF600EE4251 /* ImageDimension.swift */,
				E5B6F8841B17D456008B884A /* LoginButtonType.swift */,
				E5B97CE41AFB0EA100955514 /* LoginScreen.swift */,
				E5FA93CA1B1D1FC100E48979 /* MediaType.swift */,
				E5A0DEA31AF8CC1F00DD5039 /* Menu.swift */,
				E5C545C31B05DCAA00FFF3CA /* MenuAction.swift */,
				E565CC831B062A16006A1D20 /* NavButtonType.swift */,
				E565CC811B0627FF006A1D20 /* NavScreen.swift */,
				E5B97CE21AFAA8F500955514 /* QueueMode.swift */,
				E5A0DEC41AF92A9300DD5039 /* Settings.swift */,
				E59FB0251B03443800ED41C4 /* TutorialSteps.swift */,
			);
			name = enums;
			sourceTree = "<group>";
		};
		E5C545C01B05A32E00FFF3CA /* extensions */ = {
			isa = PBXGroup;
			children = (
				E554053A1B2C5FA600016C02 /* UIView+Geometry.swift */,
				E5C545C11B05A35F00FFF3CA /* UIView+Positioning.swift */,
				E512CF421B278B6C00926C72 /* UIImage+Download.swift */,
				E512CF441B27914200926C72 /* UIImageView+Download.swift */,
			);
			name = extensions;
			sourceTree = "<group>";
		};
/* End PBXGroup section */

/* Begin PBXNativeTarget section */
		E5935B0A1AF81D1E003FD37B /* Muzooka */ = {
			isa = PBXNativeTarget;
			buildConfigurationList = E5935B2A1AF81D1E003FD37B /* Build configuration list for PBXNativeTarget "Muzooka" */;
			buildPhases = (
				FDE96E9FEF5D569D73F60DE8 /* Check Pods Manifest.lock */,
				E5935B071AF81D1E003FD37B /* Sources */,
				E5935B081AF81D1E003FD37B /* Frameworks */,
				E5935B091AF81D1E003FD37B /* Resources */,
				5D5CB0F4972D9DAF645A82DF /* Copy Pods Resources */,
			);
			buildRules = (
			);
			dependencies = (
			);
			name = Muzooka;
			productName = Muzooka;
			productReference = E5935B0B1AF81D1E003FD37B /* Muzooka.app */;
			productType = "com.apple.product-type.application";
		};
		E5935B1F1AF81D1E003FD37B /* MuzookaTests */ = {
			isa = PBXNativeTarget;
			buildConfigurationList = E5935B2D1AF81D1E003FD37B /* Build configuration list for PBXNativeTarget "MuzookaTests" */;
			buildPhases = (
				E5935B1C1AF81D1E003FD37B /* Sources */,
				E5935B1D1AF81D1E003FD37B /* Frameworks */,
				E5935B1E1AF81D1E003FD37B /* Resources */,
			);
			buildRules = (
			);
			dependencies = (
				E5935B221AF81D1E003FD37B /* PBXTargetDependency */,
			);
			name = MuzookaTests;
			productName = MuzookaTests;
			productReference = E5935B201AF81D1E003FD37B /* MuzookaTests.xctest */;
			productType = "com.apple.product-type.bundle.unit-test";
		};
/* End PBXNativeTarget section */

/* Begin PBXProject section */
		E5935B031AF81D1D003FD37B /* Project object */ = {
			isa = PBXProject;
			attributes = {
				LastSwiftUpdateCheck = 0700;
				LastUpgradeCheck = 0630;
				ORGANIZATIONNAME = "Jennifer Duffey";
				TargetAttributes = {
					E5935B0A1AF81D1E003FD37B = {
						CreatedOnToolsVersion = 6.3;
						DevelopmentTeam = E3XMH5WD5Q;
					};
					E5935B1F1AF81D1E003FD37B = {
						CreatedOnToolsVersion = 6.3;
						TestTargetID = E5935B0A1AF81D1E003FD37B;
					};
				};
			};
			buildConfigurationList = E5935B061AF81D1D003FD37B /* Build configuration list for PBXProject "Muzooka" */;
			compatibilityVersion = "Xcode 3.2";
			developmentRegion = English;
			hasScannedForEncodings = 0;
			knownRegions = (
				en,
				Base,
			);
			mainGroup = E5935B021AF81D1D003FD37B;
			productRefGroup = E5935B0C1AF81D1E003FD37B /* Products */;
			projectDirPath = "";
			projectRoot = "";
			targets = (
				E5935B0A1AF81D1E003FD37B /* Muzooka */,
				E5935B1F1AF81D1E003FD37B /* MuzookaTests */,
			);
		};
/* End PBXProject section */

/* Begin PBXResourcesBuildPhase section */
		E5935B091AF81D1E003FD37B /* Resources */ = {
			isa = PBXResourcesBuildPhase;
			buildActionMask = 2147483647;
			files = (
				E5935B161AF81D1E003FD37B /* Main.storyboard in Resources */,
				E5DCDEDB1B45DCB20017BA24 /* dummy_data_35 in Resources */,
				E53CF0E81B1D19E0001DA15E /* dummy_data_22 in Resources */,
				E5ED68771B1512F800595CF0 /* dummy_data_10 in Resources */,
				E5A0DEAB1AF8DA5000DD5039 /* ProximaNova-Regular.otf in Resources */,
				E5A0DEAC1AF8DA5000DD5039 /* ProximaNova-Semibold.otf in Resources */,
				E5ED687B1B15148000595CF0 /* dummy_data_0 in Resources */,
				E5AED6741B29479B0070FC6D /* dummy_data_23 in Resources */,
				E5ED68751B150AFA00595CF0 /* dummy_data_19 in Resources */,
				E5935B1B1AF81D1E003FD37B /* LaunchScreen.xib in Resources */,
				E5ABC0D21B158BA0005BDFD1 /* dummy_data_11 in Resources */,
				E5D8E3C41B19075C00B2A392 /* dummy_data_14 in Resources */,
				E5935B181AF81D1E003FD37B /* Images.xcassets in Resources */,
				E5217F651B0BC16300C8B8D9 /* Podfile in Resources */,
				E5B6F88D1B18682D008B884A /* dummy_data_12 in Resources */,
				E5A0DEAD1AF8DA5000DD5039 /* ProximaNova-Thin.otf in Resources */,
				E5ED68791B15139F00595CF0 /* dummy_data_15 in Resources */,
				E5DCDED51B45C3BF0017BA24 /* dummy_data_34 in Resources */,
			);
			runOnlyForDeploymentPostprocessing = 0;
		};
		E5935B1E1AF81D1E003FD37B /* Resources */ = {
			isa = PBXResourcesBuildPhase;
			buildActionMask = 2147483647;
			files = (
			);
			runOnlyForDeploymentPostprocessing = 0;
		};
/* End PBXResourcesBuildPhase section */

/* Begin PBXShellScriptBuildPhase section */
		5D5CB0F4972D9DAF645A82DF /* Copy Pods Resources */ = {
			isa = PBXShellScriptBuildPhase;
			buildActionMask = 2147483647;
			files = (
			);
			inputPaths = (
			);
			name = "Copy Pods Resources";
			outputPaths = (
			);
			runOnlyForDeploymentPostprocessing = 0;
			shellPath = /bin/sh;
			shellScript = "\"${SRCROOT}/Pods/Target Support Files/Pods/Pods-resources.sh\"\n";
			showEnvVarsInLog = 0;
		};
		FDE96E9FEF5D569D73F60DE8 /* Check Pods Manifest.lock */ = {
			isa = PBXShellScriptBuildPhase;
			buildActionMask = 2147483647;
			files = (
			);
			inputPaths = (
			);
			name = "Check Pods Manifest.lock";
			outputPaths = (
			);
			runOnlyForDeploymentPostprocessing = 0;
			shellPath = /bin/sh;
			shellScript = "diff \"${PODS_ROOT}/../Podfile.lock\" \"${PODS_ROOT}/Manifest.lock\" > /dev/null\nif [[ $? != 0 ]] ; then\n    cat << EOM\nerror: The sandbox is not in sync with the Podfile.lock. Run 'pod install' or update your CocoaPods installation.\nEOM\n    exit 1\nfi\n";
			showEnvVarsInLog = 0;
		};
/* End PBXShellScriptBuildPhase section */

/* Begin PBXSourcesBuildPhase section */
		E5935B071AF81D1E003FD37B /* Sources */ = {
			isa = PBXSourcesBuildPhase;
			buildActionMask = 2147483647;
			files = (
				E5A0DEC51AF92A9300DD5039 /* Settings.swift in Sources */,
				E5B97CDF1AFA994800955514 /* RequestDelegate.swift in Sources */,
				E55A1D441B32752200863594 /* MuzookaCellDelegate.swift in Sources */,
				E5935B351AF8207B003FD37B /* NavBarView.swift in Sources */,
				E59FB0301B0435A900ED41C4 /* BandMember.swift in Sources */,
				E53C0A8C1B13C82600B37F21 /* EditProfileViewController.swift in Sources */,
				E53CF0E41B1D02D5001DA15E /* SearchController.swift in Sources */,
				E5935B321AF81FC8003FD37B /* MuzookaNavController.swift in Sources */,
				E5DCDED71B45C4310017BA24 /* TagInfo.swift in Sources */,
				E5A0DEAF1AF8DDF500DD5039 /* BorderedButton.swift in Sources */,
				E5B97CD11AF9FEEE00955514 /* User.swift in Sources */,
				E5A0DEA11AF8B49500DD5039 /* SegmentViewDelegate.swift in Sources */,
				E5FA93CB1B1D1FC100E48979 /* MediaType.swift in Sources */,
				E5A0DE941AF8852300DD5039 /* APIManager.swift in Sources */,
				E512CF451B27914200926C72 /* UIImageView+Download.swift in Sources */,
				E5A0DE971AF896DC00DD5039 /* APIDelegate.swift in Sources */,
				E5935B131AF81D1E003FD37B /* ChartViewController.swift in Sources */,
				E5DCDEDD1B45E4010017BA24 /* TagView.swift in Sources */,
				E5A0DEB31AF8EE5400DD5039 /* MuzookaViewController.swift in Sources */,
				E565CC881B065D1A006A1D20 /* MusicPlayer.swift in Sources */,
				E55A1D481B327BA000863594 /* ShareProvider.swift in Sources */,
				E5B97CE51AFB0EA100955514 /* LoginScreen.swift in Sources */,
				E55C0E2C1B1E454200F7C6D9 /* SearchDetails.swift in Sources */,
				E59FB02C1B03F51D00ED41C4 /* AvatarDelegate.swift in Sources */,
				E59FB0321B04996D00ED41C4 /* LoadingAnimationView.swift in Sources */,
				E5A0DEBF1AF9122400DD5039 /* SearchViewController.swift in Sources */,
				E565CC801B0613B3006A1D20 /* SongInfoViewController.swift in Sources */,
				E5DCDEDF1B4659F20017BA24 /* RoundTextField.swift in Sources */,
				E59FB0281B03448500ED41C4 /* FirstStepView.swift in Sources */,
				E5935B3C1AF82F06003FD37B /* IndicatorView.swift in Sources */,
				E512CF471B27D6D400926C72 /* ExtendedPlayerViewController.swift in Sources */,
				E565CC861B062E87006A1D20 /* NavButton.swift in Sources */,
				E5D41F821B20E5CD001B6D3E /* MusicPlayerView.swift in Sources */,
				E554053B1B2C5FA600016C02 /* UIView+Geometry.swift in Sources */,
				E5A0DEB11AF8EE0C00DD5039 /* PartnerViewController.swift in Sources */,
				E5A0DE9E1AF8B18200DD5039 /* Band.swift in Sources */,
				E5A0DEC91AF97D9800DD5039 /* LoginViewController.swift in Sources */,
				E5B97CD51AFA0A4400955514 /* AvatarView.swift in Sources */,
				E554053D1B2C651000016C02 /* DiscoverActionView.swift in Sources */,
				E565CC821B0627FF006A1D20 /* NavScreen.swift in Sources */,
				E53C0A961B14C97F00B37F21 /* PlaylistDetailViewController.swift in Sources */,
				E5DCDED31B45AA490017BA24 /* TagCollectionCell.swift in Sources */,
				E5A0DEB51AF8F0B200DD5039 /* Partner.swift in Sources */,
				E5A0DEC71AF92BCB00DD5039 /* SettingsCell.swift in Sources */,
				E5DE502A1B0E4AF600A93785 /* NavHeaderView.swift in Sources */,
				E5935B371AF82729003FD37B /* SegmentView.swift in Sources */,
				E5A0DEC11AF9191C00DD5039 /* PlaylistViewController.swift in Sources */,
				E5935B111AF81D1E003FD37B /* AppDelegate.swift in Sources */,
				E5A0DEA41AF8CC1F00DD5039 /* Menu.swift in Sources */,
				E5F362301B2C0FDF00B65C08 /* DiscoverViewController.swift in Sources */,
				E5A0DEB91AF8FE7B00DD5039 /* IndustryViewController.swift in Sources */,
				E5F362321B2C1E6100B65C08 /* DiscoverButton.swift in Sources */,
				E55A1D4A1B327EEB00863594 /* Shareable.swift in Sources */,
				E565CC841B062A16006A1D20 /* NavButtonType.swift in Sources */,
				E5B6F88B1B183E96008B884A /* GradientView.swift in Sources */,
				E59FB0261B03443800ED41C4 /* TutorialSteps.swift in Sources */,
				E509F2E81B0B60A7009B0DDC /* GraphView.swift in Sources */,
				E5B97CDD1AFA985800955514 /* RequestOperation.swift in Sources */,
				E59FB02E1B042B8B00ED41C4 /* ArtistViewController.swift in Sources */,
				E5D221C51AFC70F8006FE143 /* NavContentView.swift in Sources */,
				E5DCDEE11B465BEA0017BA24 /* SearchView.swift in Sources */,
				E5DCDED11B45A59D0017BA24 /* FilterViewController.swift in Sources */,
				E588CDE11B33A0D300F2DBA8 /* APIRequestParameter.swift in Sources */,
				E5B6F8871B17D468008B884A /* LoginButton.swift in Sources */,
				E5935B3A1AF82EE3003FD37B /* Utils.swift in Sources */,
				E5A0DEB71AF8F81D00DD5039 /* PartnerCell.swift in Sources */,
				E5A0DEBD1AF903A100DD5039 /* ProducerCell.swift in Sources */,
				E53C0A901B1430F900B37F21 /* Color.swift in Sources */,
				E5B97CD31AFA000300955514 /* ScoreDetails.swift in Sources */,
				E5B6F8891B18110F008B884A /* AlbumArtView.swift in Sources */,
				E5F362341B2C444700B65C08 /* DraggableImageView.swift in Sources */,
				E5B6F8851B17D456008B884A /* LoginButtonType.swift in Sources */,
				E5A781CC1AFC45B500736018 /* LoginView.swift in Sources */,
				E5DCDEE31B46C9090017BA24 /* StackedGridLayout.swift in Sources */,
				E512CF431B278B6C00926C72 /* UIImage+Download.swift in Sources */,
				E5B97CE11AFAA3D600955514 /* RequestQueueManager.swift in Sources */,
				E5DCDED91B45C5210017BA24 /* TagCollections.swift in Sources */,
				E5935B411AF83788003FD37B /* SongCell.swift in Sources */,
				E5A0DE9A1AF8997800DD5039 /* APIRequest.swift in Sources */,
				E55405391B2C469400016C02 /* MuzookaAlertView.swift in Sources */,
				E5B97CE31AFAA8F500955514 /* QueueMode.swift in Sources */,
				E53C0A8E1B14169500B37F21 /* FormView.swift in Sources */,
				E5ABC0D41B1590C6005BDFD1 /* PlaylistTableCell.swift in Sources */,
				E5C545C21B05A35F00FFF3CA /* UIView+Positioning.swift in Sources */,
				E512CF411B27513200926C72 /* APIReferrer.swift in Sources */,
				E5B97CDB1AFA5EAF00955514 /* LeftNavView.swift in Sources */,
				E53CF0E61B1D0633001DA15E /* SearchCell.swift in Sources */,
				E5C545C41B05DCAA00FFF3CA /* MenuAction.swift in Sources */,
				E5B97CD91AFA16F700955514 /* ScoreView.swift in Sources */,
				E50520481B4D0BE500CCEEA0 /* SliderView.swift in Sources */,
				E5A0DEC31AF91A8700DD5039 /* SettingsViewController.swift in Sources */,
				E554053F1B2D5B8200016C02 /* ChartType.swift in Sources */,
				E5B6F8831B17D286008B884A /* BannerView.swift in Sources */,
				E5A0DE9C1AF8A2ED00DD5039 /* Song.swift in Sources */,
				E5FA93CD1B1D207400E48979 /* SearchItem.swift in Sources */,
				E5A0DEBB1AF8FEFA00DD5039 /* Producer.swift in Sources */,
				E5ABC0D61B15A060005BDFD1 /* OrderedDictionary.swift in Sources */,
				E53C0A921B14811E00B37F21 /* Playlist.swift in Sources */,
				E5B97CD71AFA104900955514 /* ProfileViewController.swift in Sources */,
				E512CF3E1B26F15A00926C72 /* MusicPlayerDelegate.swift in Sources */,
				E5A0DEA61AF8D12500DD5039 /* MenuCell.swift in Sources */,
				E59FB0241B0337C200ED41C4 /* FirstTimeViewController.swift in Sources */,
				E5B508051B5499490099FB01 /* AlbumScrollView.swift in Sources */,
				E53C0A941B14A6E300B37F21 /* PlaylistCell.swift in Sources */,
				E5531B931B448FF600EE4251 /* ImageDimension.swift in Sources */,
				E5935B3E1AF83009003FD37B /* Constants.swift in Sources */,
				E5DCDEE51B46D0AB0017BA24 /* StackedGridLayoutSection.swift in Sources */,
			);
			runOnlyForDeploymentPostprocessing = 0;
		};
		E5935B1C1AF81D1E003FD37B /* Sources */ = {
			isa = PBXSourcesBuildPhase;
			buildActionMask = 2147483647;
			files = (
				E5935B271AF81D1E003FD37B /* MuzookaTests.swift in Sources */,
			);
			runOnlyForDeploymentPostprocessing = 0;
		};
/* End PBXSourcesBuildPhase section */

/* Begin PBXTargetDependency section */
		E5935B221AF81D1E003FD37B /* PBXTargetDependency */ = {
			isa = PBXTargetDependency;
			target = E5935B0A1AF81D1E003FD37B /* Muzooka */;
			targetProxy = E5935B211AF81D1E003FD37B /* PBXContainerItemProxy */;
		};
/* End PBXTargetDependency section */

/* Begin PBXVariantGroup section */
		E5935B141AF81D1E003FD37B /* Main.storyboard */ = {
			isa = PBXVariantGroup;
			children = (
				E5935B151AF81D1E003FD37B /* Base */,
			);
			name = Main.storyboard;
			sourceTree = "<group>";
		};
		E5935B191AF81D1E003FD37B /* LaunchScreen.xib */ = {
			isa = PBXVariantGroup;
			children = (
				E5935B1A1AF81D1E003FD37B /* Base */,
			);
			name = LaunchScreen.xib;
			sourceTree = "<group>";
		};
/* End PBXVariantGroup section */

/* Begin XCBuildConfiguration section */
		E5935B281AF81D1E003FD37B /* Debug */ = {
			isa = XCBuildConfiguration;
			buildSettings = {
				ALWAYS_SEARCH_USER_PATHS = NO;
				CLANG_CXX_LANGUAGE_STANDARD = "gnu++0x";
				CLANG_CXX_LIBRARY = "libc++";
				CLANG_ENABLE_MODULES = YES;
				CLANG_ENABLE_OBJC_ARC = YES;
				CLANG_WARN_BOOL_CONVERSION = YES;
				CLANG_WARN_CONSTANT_CONVERSION = YES;
				CLANG_WARN_DIRECT_OBJC_ISA_USAGE = YES_ERROR;
				CLANG_WARN_EMPTY_BODY = YES;
				CLANG_WARN_ENUM_CONVERSION = YES;
				CLANG_WARN_INT_CONVERSION = YES;
				CLANG_WARN_OBJC_ROOT_CLASS = YES_ERROR;
				CLANG_WARN_UNREACHABLE_CODE = YES;
				CLANG_WARN__DUPLICATE_METHOD_MATCH = YES;
				"CODE_SIGN_IDENTITY[sdk=iphoneos*]" = "iPhone Developer";
				COPY_PHASE_STRIP = NO;
				DEBUG_INFORMATION_FORMAT = "dwarf-with-dsym";
				ENABLE_STRICT_OBJC_MSGSEND = YES;
				GCC_C_LANGUAGE_STANDARD = gnu99;
				GCC_DYNAMIC_NO_PIC = NO;
				GCC_NO_COMMON_BLOCKS = YES;
				GCC_OPTIMIZATION_LEVEL = 0;
				GCC_PREPROCESSOR_DEFINITIONS = (
					"DEBUG=1",
					"$(inherited)",
				);
				GCC_SYMBOLS_PRIVATE_EXTERN = NO;
				GCC_WARN_64_TO_32_BIT_CONVERSION = YES;
				GCC_WARN_ABOUT_RETURN_TYPE = YES_ERROR;
				GCC_WARN_UNDECLARED_SELECTOR = YES;
				GCC_WARN_UNINITIALIZED_AUTOS = YES_AGGRESSIVE;
				GCC_WARN_UNUSED_FUNCTION = YES;
				GCC_WARN_UNUSED_VARIABLE = YES;
				IPHONEOS_DEPLOYMENT_TARGET = 8.2;
				MTL_ENABLE_DEBUG_INFO = YES;
				ONLY_ACTIVE_ARCH = YES;
				OTHER_LDFLAGS = "-ObjC";
				SDKROOT = iphoneos;
				SWIFT_OBJC_BRIDGING_HEADER = "";
				SWIFT_OPTIMIZATION_LEVEL = "-Onone";
				TARGETED_DEVICE_FAMILY = "1,2";
			};
			name = Debug;
		};
		E5935B291AF81D1E003FD37B /* Release */ = {
			isa = XCBuildConfiguration;
			buildSettings = {
				ALWAYS_SEARCH_USER_PATHS = NO;
				CLANG_CXX_LANGUAGE_STANDARD = "gnu++0x";
				CLANG_CXX_LIBRARY = "libc++";
				CLANG_ENABLE_MODULES = YES;
				CLANG_ENABLE_OBJC_ARC = YES;
				CLANG_WARN_BOOL_CONVERSION = YES;
				CLANG_WARN_CONSTANT_CONVERSION = YES;
				CLANG_WARN_DIRECT_OBJC_ISA_USAGE = YES_ERROR;
				CLANG_WARN_EMPTY_BODY = YES;
				CLANG_WARN_ENUM_CONVERSION = YES;
				CLANG_WARN_INT_CONVERSION = YES;
				CLANG_WARN_OBJC_ROOT_CLASS = YES_ERROR;
				CLANG_WARN_UNREACHABLE_CODE = YES;
				CLANG_WARN__DUPLICATE_METHOD_MATCH = YES;
				"CODE_SIGN_IDENTITY[sdk=iphoneos*]" = "iPhone Developer";
				COPY_PHASE_STRIP = NO;
				DEBUG_INFORMATION_FORMAT = "dwarf-with-dsym";
				ENABLE_NS_ASSERTIONS = NO;
				ENABLE_STRICT_OBJC_MSGSEND = YES;
				GCC_C_LANGUAGE_STANDARD = gnu99;
				GCC_NO_COMMON_BLOCKS = YES;
				GCC_WARN_64_TO_32_BIT_CONVERSION = YES;
				GCC_WARN_ABOUT_RETURN_TYPE = YES_ERROR;
				GCC_WARN_UNDECLARED_SELECTOR = YES;
				GCC_WARN_UNINITIALIZED_AUTOS = YES_AGGRESSIVE;
				GCC_WARN_UNUSED_FUNCTION = YES;
				GCC_WARN_UNUSED_VARIABLE = YES;
				IPHONEOS_DEPLOYMENT_TARGET = 8.2;
				MTL_ENABLE_DEBUG_INFO = NO;
				OTHER_LDFLAGS = "-ObjC";
				SDKROOT = iphoneos;
				SWIFT_OBJC_BRIDGING_HEADER = "";
				TARGETED_DEVICE_FAMILY = "1,2";
				VALIDATE_PRODUCT = YES;
			};
			name = Release;
		};
		E5935B2B1AF81D1E003FD37B /* Debug */ = {
			isa = XCBuildConfiguration;
			baseConfigurationReference = F5249748F6F311D5C2C286D7 /* Pods.debug.xcconfig */;
			buildSettings = {
				ASSETCATALOG_COMPILER_APPICON_NAME = AppIcon;
				ASSETCATALOG_COMPILER_LAUNCHIMAGE_NAME = LaunchImage;
				CODE_SIGN_IDENTITY = "iPhone Developer";
				"CODE_SIGN_IDENTITY[sdk=iphoneos*]" = "iPhone Developer";
				INFOPLIST_FILE = Muzooka/Info.plist;
				IPHONEOS_DEPLOYMENT_TARGET = 8.2;
				LD_RUNPATH_SEARCH_PATHS = "$(inherited) @executable_path/Frameworks";
				OTHER_LDFLAGS = (
					"$(inherited)",
					"-ObjC",
					"-l\"Pods-Bolts\"",
					"-l\"Pods-FBSDKCoreKit\"",
					"-framework",
					"\"AddressBook\"",
					"-framework",
					"\"AssetsLibrary\"",
					"-framework",
					"\"CoreGraphics\"",
					"-framework",
					"\"CoreLocation\"",
					"-framework",
					"\"CoreMotion\"",
					"-framework",
					"\"CoreText\"",
					"-framework",
					"\"Foundation\"",
					"-framework",
					"\"GoogleOpenSource\"",
					"-framework",
					"\"GooglePlus\"",
					"-framework",
					"\"MediaPlayer\"",
					"-framework",
					"\"Security\"",
					"-framework",
					"\"SystemConfiguration\"",
					"-framework",
					"\"UIKit\"",
					"-weak_framework",
					"\"Accounts\"",
					"-weak_framework",
					"\"AudioToolbox\"",
					"-weak_framework",
					"\"CoreGraphics\"",
					"-weak_framework",
					"\"CoreLocation\"",
					"-weak_framework",
					"\"Foundation\"",
					"-weak_framework",
					"\"QuartzCore\"",
					"-weak_framework",
					"\"Security\"",
					"-weak_framework",
					"\"Social\"",
					"-weak_framework",
					"\"UIKit\"",
				);
				PRODUCT_NAME = "$(TARGET_NAME)";
				PROVISIONING_PROFILE = "";
				SWIFT_OBJC_BRIDGING_HEADER = "Muzooka/Muzooka-ObjCBridging.h";
			};
			name = Debug;
		};
		E5935B2C1AF81D1E003FD37B /* Release */ = {
			isa = XCBuildConfiguration;
			baseConfigurationReference = 147F3AF9C0508A67D7490870 /* Pods.release.xcconfig */;
			buildSettings = {
				ASSETCATALOG_COMPILER_APPICON_NAME = AppIcon;
				ASSETCATALOG_COMPILER_LAUNCHIMAGE_NAME = LaunchImage;
				CODE_SIGN_IDENTITY = "iPhone Developer";
				"CODE_SIGN_IDENTITY[sdk=iphoneos*]" = "iPhone Developer";
				INFOPLIST_FILE = Muzooka/Info.plist;
				IPHONEOS_DEPLOYMENT_TARGET = 8.2;
				LD_RUNPATH_SEARCH_PATHS = "$(inherited) @executable_path/Frameworks";
				OTHER_LDFLAGS = (
					"$(inherited)",
					"-ObjC",
					"-l\"Pods-Bolts\"",
					"-l\"Pods-FBSDKCoreKit\"",
					"-framework",
					"\"AddressBook\"",
					"-framework",
					"\"AssetsLibrary\"",
					"-framework",
					"\"CoreGraphics\"",
					"-framework",
					"\"CoreLocation\"",
					"-framework",
					"\"CoreMotion\"",
					"-framework",
					"\"CoreText\"",
					"-framework",
					"\"Foundation\"",
					"-framework",
					"\"GoogleOpenSource\"",
					"-framework",
					"\"GooglePlus\"",
					"-framework",
					"\"MediaPlayer\"",
					"-framework",
					"\"Security\"",
					"-framework",
					"\"SystemConfiguration\"",
					"-framework",
					"\"UIKit\"",
					"-weak_framework",
					"\"Accounts\"",
					"-weak_framework",
					"\"AudioToolbox\"",
					"-weak_framework",
					"\"CoreGraphics\"",
					"-weak_framework",
					"\"CoreLocation\"",
					"-weak_framework",
					"\"Foundation\"",
					"-weak_framework",
					"\"QuartzCore\"",
					"-weak_framework",
					"\"Security\"",
					"-weak_framework",
					"\"Social\"",
					"-weak_framework",
					"\"UIKit\"",
				);
				PRODUCT_NAME = "$(TARGET_NAME)";
				PROVISIONING_PROFILE = "";
				SWIFT_OBJC_BRIDGING_HEADER = "Muzooka/Muzooka-ObjCBridging.h";
			};
			name = Release;
		};
		E5935B2E1AF81D1E003FD37B /* Debug */ = {
			isa = XCBuildConfiguration;
			buildSettings = {
				BUNDLE_LOADER = "$(TEST_HOST)";
				FRAMEWORK_SEARCH_PATHS = (
					"$(SDKROOT)/Developer/Library/Frameworks",
					"$(inherited)",
				);
				GCC_PREPROCESSOR_DEFINITIONS = (
					"DEBUG=1",
					"$(inherited)",
				);
				INFOPLIST_FILE = MuzookaTests/Info.plist;
				LD_RUNPATH_SEARCH_PATHS = "$(inherited) @executable_path/Frameworks @loader_path/Frameworks";
				PRODUCT_NAME = "$(TARGET_NAME)";
				TEST_HOST = "$(BUILT_PRODUCTS_DIR)/Muzooka.app/Muzooka";
			};
			name = Debug;
		};
		E5935B2F1AF81D1E003FD37B /* Release */ = {
			isa = XCBuildConfiguration;
			buildSettings = {
				BUNDLE_LOADER = "$(TEST_HOST)";
				FRAMEWORK_SEARCH_PATHS = (
					"$(SDKROOT)/Developer/Library/Frameworks",
					"$(inherited)",
				);
				INFOPLIST_FILE = MuzookaTests/Info.plist;
				LD_RUNPATH_SEARCH_PATHS = "$(inherited) @executable_path/Frameworks @loader_path/Frameworks";
				PRODUCT_NAME = "$(TARGET_NAME)";
				TEST_HOST = "$(BUILT_PRODUCTS_DIR)/Muzooka.app/Muzooka";
			};
			name = Release;
		};
/* End XCBuildConfiguration section */

/* Begin XCConfigurationList section */
		E5935B061AF81D1D003FD37B /* Build configuration list for PBXProject "Muzooka" */ = {
			isa = XCConfigurationList;
			buildConfigurations = (
				E5935B281AF81D1E003FD37B /* Debug */,
				E5935B291AF81D1E003FD37B /* Release */,
			);
			defaultConfigurationIsVisible = 0;
			defaultConfigurationName = Release;
		};
		E5935B2A1AF81D1E003FD37B /* Build configuration list for PBXNativeTarget "Muzooka" */ = {
			isa = XCConfigurationList;
			buildConfigurations = (
				E5935B2B1AF81D1E003FD37B /* Debug */,
				E5935B2C1AF81D1E003FD37B /* Release */,
			);
			defaultConfigurationIsVisible = 0;
			defaultConfigurationName = Release;
		};
		E5935B2D1AF81D1E003FD37B /* Build configuration list for PBXNativeTarget "MuzookaTests" */ = {
			isa = XCConfigurationList;
			buildConfigurations = (
				E5935B2E1AF81D1E003FD37B /* Debug */,
				E5935B2F1AF81D1E003FD37B /* Release */,
			);
			defaultConfigurationIsVisible = 0;
			defaultConfigurationName = Release;
		};
/* End XCConfigurationList section */
	};
	rootObject = E5935B031AF81D1D003FD37B /* Project object */;
}
